// !$*UTF8*$!
{
	archiveVersion = 1;
	classes = {
	};
	objectVersion = 77;
	objects = {

/* Begin PBXBuildFile section */
		004539B7DBFECDB58397F3EC /* EmailListView.swift in Sources */ = {isa = PBXBuildFile; fileRef = 289BAD253090DBCFBA1C8E90 /* EmailListView.swift */; };
		014D57A63A38468FE91B4626 /* AuthenticationService.swift in Sources */ = {isa = PBXBuildFile; fileRef = 731AD9CA27F07F025A6BF2FE /* AuthenticationService.swift */; };
		02CC95933DCB41B816B99A42 /* AccountRow.swift in Sources */ = {isa = PBXBuildFile; fileRef = 38C506858CFE1A79D918C804 /* AccountRow.swift */; };
		04FD278D0E0F1CE13BD11A89 /* EmailTests.swift in Sources */ = {isa = PBXBuildFile; fileRef = 72EDE91236E30219EC135D9B /* EmailTests.swift */; };
		084E879F43489543E5C7C9D9 /* HTMLContentView.swift in Sources */ = {isa = PBXBuildFile; fileRef = 2DB6458672830D2B727A1B64 /* HTMLContentView.swift */; };
		09FE84923DA3631753070765 /* AttachmentTests.swift in Sources */ = {isa = PBXBuildFile; fileRef = B0F11BB99A2872F15CF13283 /* AttachmentTests.swift */; };
		0BC1D8120958714FC874DA7D /* AuthenticationErrorTests.swift in Sources */ = {isa = PBXBuildFile; fileRef = 03D13DF4EFA0C13C68375FCB /* AuthenticationErrorTests.swift */; };
		0E7E70654D6EA092B3105B42 /* RetryHelper.swift in Sources */ = {isa = PBXBuildFile; fileRef = 92B038C1D5467E5F1079B1FA /* RetryHelper.swift */; };
		1316673F02518E11C6D13659 /* ComposeWindowManager.swift in Sources */ = {isa = PBXBuildFile; fileRef = 46324EDFDBE1C1CCC0D9A73C /* ComposeWindowManager.swift */; };
		1825BE9F43D1EE8A54770132 /* TokenManagerTests.swift in Sources */ = {isa = PBXBuildFile; fileRef = A7EF62B4CAF3FE0A850F707A /* TokenManagerTests.swift */; };
		1CBF0772DC5DFCE7B64828CF /* NotificationSettingsView.swift in Sources */ = {isa = PBXBuildFile; fileRef = 5522EB7E0BED1C5E78F81D0B /* NotificationSettingsView.swift */; };
		1EC68AB393A336E74488F238 /* AttachmentListView.swift in Sources */ = {isa = PBXBuildFile; fileRef = 78FED01727FAAEB076CC3939 /* AttachmentListView.swift */; };
		24755258941657D0B935EEE5 /* TokenManager.swift in Sources */ = {isa = PBXBuildFile; fileRef = 43D287256242FC0AD37A57B3 /* TokenManager.swift */; };
		2789906515CE28C160811F49 /* SettingsView.swift in Sources */ = {isa = PBXBuildFile; fileRef = 30C157AACFEE656609A00AC7 /* SettingsView.swift */; };
		27E1EE1AF7AB31608F17BD40 /* Assets.xcassets in Resources */ = {isa = PBXBuildFile; fileRef = DC60EFE150494BB055812FAF /* Assets.xcassets */; };
		290D2672F2958BA4C2432D16 /* NotificationService.swift in Sources */ = {isa = PBXBuildFile; fileRef = AD436874AC3F4454B5995878 /* NotificationService.swift */; };
		2A916EAD78021AF31AC8AEFB /* MockDatabaseService.swift in Sources */ = {isa = PBXBuildFile; fileRef = 7446CC5E5815F20F542BE3E1 /* MockDatabaseService.swift */; };
		2FA220C7E220A06974A73F86 /* ErrorHandler.swift in Sources */ = {isa = PBXBuildFile; fileRef = A55C7D8310C3620C35F8B5BD /* ErrorHandler.swift */; };
		33FD7AC6BCF0AFB3DD1AA57B /* DatabaseError.swift in Sources */ = {isa = PBXBuildFile; fileRef = F412728C3AB80553882F5657 /* DatabaseError.swift */; };
		387DDA1719D2C309395AC1EA /* AuthenticationError.swift in Sources */ = {isa = PBXBuildFile; fileRef = 70D1A8B045A15A71C1097F2D /* AuthenticationError.swift */; };
		3B542D7F96B11D013D49315D /* XCTestCase+Extensions.swift in Sources */ = {isa = PBXBuildFile; fileRef = FB6B3E327B44702BE4C9448A /* XCTestCase+Extensions.swift */; };
		3C72978C39ADCD5C34290C74 /* GmailAPIService.swift in Sources */ = {isa = PBXBuildFile; fileRef = 39E7E5C01EDE4552D8CCAA7B /* GmailAPIService.swift */; };
		3DC7CE3CCEB25B3C81BF21AE /* LabelRepositoryTests.swift in Sources */ = {isa = PBXBuildFile; fileRef = 5C6911A2D9791C5D3A71ACCF /* LabelRepositoryTests.swift */; };
		3EC43B3CB5467A901C11B5CD /* GoogleUserProfile.swift in Sources */ = {isa = PBXBuildFile; fileRef = 94F102DEB2A5EF10CC0E686B /* GoogleUserProfile.swift */; };
		4050B8F1136F3A098D9E8AB4 /* Account.swift in Sources */ = {isa = PBXBuildFile; fileRef = 8B62664B645199305AB0495B /* Account.swift */; };
		48252495AC7D2487219D2F70 /* MockTokenManager.swift in Sources */ = {isa = PBXBuildFile; fileRef = DCBD9F136DD26F7855A38E1F /* MockTokenManager.swift */; };
		48B2266F0574F4EFD7149BD7 /* SyncSchedulerTests.swift in Sources */ = {isa = PBXBuildFile; fileRef = 1DFD65D0F9D304711A9FD103 /* SyncSchedulerTests.swift */; };
		49719336365774100D705BF6 /* ContentView.swift in Sources */ = {isa = PBXBuildFile; fileRef = 72CA77249561968D27292B08 /* ContentView.swift */; };
		4D34E7AF5083DE9504C942CF /* Data+Base64URL.swift in Sources */ = {isa = PBXBuildFile; fileRef = BEBC9353E9E11CBC955E4CDE /* Data+Base64URL.swift */; };
		524EB237BB26061C2107795F /* FormattingToolbar.swift in Sources */ = {isa = PBXBuildFile; fileRef = 57B66BC238E64886262F9353 /* FormattingToolbar.swift */; };
		53FDF38612F9DA6C06E6308A /* GeneralSettingsView.swift in Sources */ = {isa = PBXBuildFile; fileRef = 4D5F6BA32DE1F694F25FE9AD /* GeneralSettingsView.swift */; };
		57C035D7700DB87DC8C9E2A1 /* GmailEndpoints.swift in Sources */ = {isa = PBXBuildFile; fileRef = 5A30A697D90D675569B375EF /* GmailEndpoints.swift */; };
		57EAB9D2043DB319C192AE74 /* AppState.swift in Sources */ = {isa = PBXBuildFile; fileRef = E8A2F028C7875FF4C33BC9A6 /* AppState.swift */; };
		5A39550A110249F00D3BC1C7 /* GmailModelMapperTests.swift in Sources */ = {isa = PBXBuildFile; fileRef = 966179F817AD174555AC17AE /* GmailModelMapperTests.swift */; };
		5DDEB904B6F8008455EBF1B9 /* CIDResolver.swift in Sources */ = {isa = PBXBuildFile; fileRef = 42088B30D8CB56DC883AA573 /* CIDResolver.swift */; };
		5F9D84CA6F39F94B67E5F7A5 /* GmailDTOs.swift in Sources */ = {isa = PBXBuildFile; fileRef = 9E052CCB0802E3FAE9524F52 /* GmailDTOs.swift */; };
		63BA75125468F357291ABF60 /* AuthenticationProtocols.swift in Sources */ = {isa = PBXBuildFile; fileRef = E0ABF0241FB4924BA0BC4CCF /* AuthenticationProtocols.swift */; };
		6420E01C50F2D750A3ED5F02 /* HTMLSanitizer.swift in Sources */ = {isa = PBXBuildFile; fileRef = 0DA42953BB2DD3A551C72AF5 /* HTMLSanitizer.swift */; };
		66519402E3F649C437EFA432 /* MockOAuthClient.swift in Sources */ = {isa = PBXBuildFile; fileRef = 9D3FF4BE75EB7F63409372E4 /* MockOAuthClient.swift */; };
		6BD4EC2421B33985E9B05A9C /* EmailThreadTests.swift in Sources */ = {isa = PBXBuildFile; fileRef = 8F86B5C4494A755215845E8A /* EmailThreadTests.swift */; };
		6D822101BABAF81092102C8E /* SyncLock.swift in Sources */ = {isa = PBXBuildFile; fileRef = E6AEA0C8594D7FC60B709CE0 /* SyncLock.swift */; };
		71E58CBF23E4C2DCE8B43BB1 /* ErrorAlertModifier.swift in Sources */ = {isa = PBXBuildFile; fileRef = 503A72A83DBAB2D8BA95E8CB /* ErrorAlertModifier.swift */; };
		75BB288B6C0FC76E77053A5B /* OAuthTokens.swift in Sources */ = {isa = PBXBuildFile; fileRef = 4B9CD5EAE78D318D5414C5A7 /* OAuthTokens.swift */; };
		78F697F98FB3E90B62B41655 /* LabelTests.swift in Sources */ = {isa = PBXBuildFile; fileRef = 3500B8EA33E3FE16DB73E3D9 /* LabelTests.swift */; };
		7BE089CEED0D916F30A0D0C6 /* EmailRepositoryTests.swift in Sources */ = {isa = PBXBuildFile; fileRef = 8E4F9993B00138BE076D922B /* EmailRepositoryTests.swift */; };
		7D32D8F037E2563DC9D7DE1B /* SyncEngineTests.swift in Sources */ = {isa = PBXBuildFile; fileRef = A3C815F426E80EBFE2122FFD /* SyncEngineTests.swift */; };
		7DFBD2CB964B07AB5A5F6581 /* EmailRowView.swift in Sources */ = {isa = PBXBuildFile; fileRef = B71FA77FD882522B8C3DB728 /* EmailRowView.swift */; };
		7EE9CE47AF647514A00D6B5A /* Attachment.swift in Sources */ = {isa = PBXBuildFile; fileRef = 9262E2262442758CF9A5142F /* Attachment.swift */; };
		7F4ED4116D89CF0229CDAF9A /* EmailListViewModel.swift in Sources */ = {isa = PBXBuildFile; fileRef = 8DB6CF3361859088DFD1A9CB /* EmailListViewModel.swift */; };
		7F8D22930F28AEB4554D4F8A /* EmailListFormatters.swift in Sources */ = {isa = PBXBuildFile; fileRef = 119128011A10BA888D27DBBC /* EmailListFormatters.swift */; };
		824CD80AB3ACF7A94137782A /* ComposeViewModel.swift in Sources */ = {isa = PBXBuildFile; fileRef = CA6886A1386746E5F353DFEA /* ComposeViewModel.swift */; };
		82538CDDD4B5D083C1BB9703 /* AppError.swift in Sources */ = {isa = PBXBuildFile; fileRef = CBCAAC030732F5D59FCCECC7 /* AppError.swift */; };
		858E4CE55435D4D6CAE11D93 /* MockKeychainService.swift in Sources */ = {isa = PBXBuildFile; fileRef = 7D89558DED2FAD9B45907417 /* MockKeychainService.swift */; };
		874872EBD600E74364C9A74A /* DraftAutoSaveManager.swift in Sources */ = {isa = PBXBuildFile; fileRef = 6E9FC60EC1B2975B00D29CCD /* DraftAutoSaveManager.swift */; };
		89A9B0A35ED8352CEF9A614C /* ComposeView.swift in Sources */ = {isa = PBXBuildFile; fileRef = 4E5A2940AC0294466AFECD84 /* ComposeView.swift */; };
		8C79469144CF7BAEF0FFB313 /* SyncCoordinator.swift in Sources */ = {isa = PBXBuildFile; fileRef = 4147D49D6795B0CC525E768A /* SyncCoordinator.swift */; };
		8CE44C31427A055B389F6877 /* AppConfiguration.swift in Sources */ = {isa = PBXBuildFile; fileRef = 551B0B4438D418F5EEEA82A3 /* AppConfiguration.swift */; };
		90301D1A04BFAD7D7AB6EBE2 /* CluademailApp.swift in Sources */ = {isa = PBXBuildFile; fileRef = CA733F8F65150D0002B16D66 /* CluademailApp.swift */; };
		92F90319F6328CB5633752F9 /* ComposeMode.swift in Sources */ = {isa = PBXBuildFile; fileRef = 365E4FBEF91F77698F229668 /* ComposeMode.swift */; };
		930D6FAED1E6364A39A19AFA /* AccountTests.swift in Sources */ = {isa = PBXBuildFile; fileRef = 33B12E1707645B1249F5E712 /* AccountTests.swift */; };
		931B75E2D1EF7AFDF3770EF5 /* SyncStatusView.swift in Sources */ = {isa = PBXBuildFile; fileRef = 268DDD2F18AC59D2B57B4AAA /* SyncStatusView.swift */; };
		938A62417A4623542FB94AD5 /* RichTextEditor.swift in Sources */ = {isa = PBXBuildFile; fileRef = 4780B0E3EB520A1A0092C2C3 /* RichTextEditor.swift */; };
		93A7DEB80002602F40EB3403 /* SyncLockTests.swift in Sources */ = {isa = PBXBuildFile; fileRef = 1D3C9FB81C894147D238D07B /* SyncLockTests.swift */; };
		94E1699DB485E2B211CCC80A /* AppStateTests.swift in Sources */ = {isa = PBXBuildFile; fileRef = 9743CC82674D4EE6DEB9C4BD /* AppStateTests.swift */; };
		9654B958B3CD1564D3E5BA16 /* EmailHeaderView.swift in Sources */ = {isa = PBXBuildFile; fileRef = 990A43B0CDCD29A8AB50E07D /* EmailHeaderView.swift */; };
		971AD581A3070C7F5D2052C1 /* KeychainServiceTests.swift in Sources */ = {isa = PBXBuildFile; fileRef = A9461B5815DC33F328E49CBD /* KeychainServiceTests.swift */; };
		980D9B7DCFCD27941C85F3C5 /* AppDelegate.swift in Sources */ = {isa = PBXBuildFile; fileRef = 6BF8CBC97A005E47AA7DC209 /* AppDelegate.swift */; };
		995002F112A979FCC7F6AD3F /* SyncStateRepositoryTests.swift in Sources */ = {isa = PBXBuildFile; fileRef = 53DC215186AA9F8D6B150930 /* SyncStateRepositoryTests.swift */; };
		9C4D22E418E23B37EDA903FB /* Label.swift in Sources */ = {isa = PBXBuildFile; fileRef = AFEC8A67003A8E8E27FB62E4 /* Label.swift */; };
		A1E77C0684A226CB730AFC7B /* SyncScheduler.swift in Sources */ = {isa = PBXBuildFile; fileRef = 47B1545420513FD32DD5F091 /* SyncScheduler.swift */; };
		A2508CA1E319CDF2D096D520 /* GmailModelMapper.swift in Sources */ = {isa = PBXBuildFile; fileRef = DF3F7FCADF3BD3F8C8C81C92 /* GmailModelMapper.swift */; };
		A38E88DD3AB8756487A37A2D /* ErrorHandlerTests.swift in Sources */ = {isa = PBXBuildFile; fileRef = 104CFBC7A213A34B59692906 /* ErrorHandlerTests.swift */; };
		A3CBDFA93569B62116D08232 /* GmailAPIServiceProtocol.swift in Sources */ = {isa = PBXBuildFile; fileRef = EA16230336B76D31A48C1BCC /* GmailAPIServiceProtocol.swift */; };
		A47A1535F14D0907748DE398 /* Logger+Extensions.swift in Sources */ = {isa = PBXBuildFile; fileRef = FB89B4E28E6824D836211BC5 /* Logger+Extensions.swift */; };
		A47C3A2B7B94713CB4E085B8 /* RecipientFieldView.swift in Sources */ = {isa = PBXBuildFile; fileRef = F72105B3BBA48D6D965D5610 /* RecipientFieldView.swift */; };
		AB281FA24C2611CA8588608A /* EmailRepository.swift in Sources */ = {isa = PBXBuildFile; fileRef = 4B2488D502125AFA101A80DC /* EmailRepository.swift */; };
		AB3D0D2FFE5E9CB615487701 /* UnreadStarIndicator.swift in Sources */ = {isa = PBXBuildFile; fileRef = 40E17EBE5432D578E8320312 /* UnreadStarIndicator.swift */; };
		AFA1120DA8E5A7E86C654951 /* SyncCoordinatorTests.swift in Sources */ = {isa = PBXBuildFile; fileRef = 2335BA8A8CE87CE762A6F59F /* SyncCoordinatorTests.swift */; };
		AFFABDBF3C8B14B1E4DAE348 /* TestFixtures.swift in Sources */ = {isa = PBXBuildFile; fileRef = 9A6481F2D2309A3F8DDF2C8E /* TestFixtures.swift */; };
		B378B8160049310A8CC455CD /* DataBase64URLTests.swift in Sources */ = {isa = PBXBuildFile; fileRef = 9BB5F85BBB3220D69D52559F /* DataBase64URLTests.swift */; };
		B51478F4C7762A2A858D08CB /* DatabaseService.swift in Sources */ = {isa = PBXBuildFile; fileRef = A0D8E54CA16998A45A8E889E /* DatabaseService.swift */; };
		B5352A4CAACA3F67B0BD1031 /* SyncProtocols.swift in Sources */ = {isa = PBXBuildFile; fileRef = 357652DFFB75539E6FA12EE7 /* SyncProtocols.swift */; };
		B7A605F143D1E421FE715FFE /* EmailThread.swift in Sources */ = {isa = PBXBuildFile; fileRef = 3B9C37AC93DC2066748B6291 /* EmailThread.swift */; };
		B8F3B321AD819188B56A3233 /* DatabaseServiceTests.swift in Sources */ = {isa = PBXBuildFile; fileRef = 42E44E9CC80A1DE247E59648 /* DatabaseServiceTests.swift */; };
		BA2FA92854275A9AFFA60C46 /* AccountBadge.swift in Sources */ = {isa = PBXBuildFile; fileRef = 3D6D061E6DD7A594CE066314 /* AccountBadge.swift */; };
		BAC381DF069D4F3D23FF002E /* GoogleOAuthClient.swift in Sources */ = {isa = PBXBuildFile; fileRef = DA445E64003F01D603B9644C /* GoogleOAuthClient.swift */; };
		BB1A38FE4D19CCE21B3C4AED /* MockErrorHandler.swift in Sources */ = {isa = PBXBuildFile; fileRef = CAB7373673CE62819DBB2C89 /* MockErrorHandler.swift */; };
		BE5667AC0B9036089A892B76 /* AccountRepositoryTests.swift in Sources */ = {isa = PBXBuildFile; fileRef = AC2EECEA96D4D256C9A28F07 /* AccountRepositoryTests.swift */; };
		C00C514CC24705BEC3652CA0 /* OAuthTokensTests.swift in Sources */ = {isa = PBXBuildFile; fileRef = 3A643E7E09E9FBF4A5B82E2A /* OAuthTokensTests.swift */; };
		C0BF69581A1CDBF06524F63A /* GmailDTOsTests.swift in Sources */ = {isa = PBXBuildFile; fileRef = 6AB3436657D3A0C15E8901A9 /* GmailDTOsTests.swift */; };
		C0BFAB19B541DBED1A7524E4 /* SidebarView.swift in Sources */ = {isa = PBXBuildFile; fileRef = F686E47F167852587CF96FE6 /* SidebarView.swift */; };
		C63377C3E4B12062B1F2F1CC /* KeychainService.swift in Sources */ = {isa = PBXBuildFile; fileRef = A2F73C87665E153F8AEC489C /* KeychainService.swift */; };
		CB252B7542C92B9AD0E7878A /* Email.swift in Sources */ = {isa = PBXBuildFile; fileRef = 4CB109320E26495222878598 /* Email.swift */; };
		D1A916AA2024E4483F8D5161 /* CluademailUITestsLaunchTests.swift in Sources */ = {isa = PBXBuildFile; fileRef = 0CA035031CDBDECC562FD292 /* CluademailUITestsLaunchTests.swift */; };
		D1F72804BE5B2BDFF4E4A93F /* AccountRepository.swift in Sources */ = {isa = PBXBuildFile; fileRef = 5F9DA7BF54ABE70B5F8A6184 /* AccountRepository.swift */; };
		D365A7AAE49A7FF820DE8FFA /* EmailBodyView.swift in Sources */ = {isa = PBXBuildFile; fileRef = 234BCE4FCCB055FEFFA2489F /* EmailBodyView.swift */; };
		D50B191D8E70525628AC1332 /* ThreadRowView.swift in Sources */ = {isa = PBXBuildFile; fileRef = 1CFDBE3BB6288C8AB72A0665 /* ThreadRowView.swift */; };
		D557F3DC5F953C44BF723FE4 /* MIMEMessageBuilder.swift in Sources */ = {isa = PBXBuildFile; fileRef = 4EA61481628B62AA4A6584CA /* MIMEMessageBuilder.swift */; };
		D687FF139A3013B289BC65B1 /* BaseRepository.swift in Sources */ = {isa = PBXBuildFile; fileRef = 41D3F962164C025745526F01 /* BaseRepository.swift */; };
		D8DCA81DA56BEB46100DD526 /* SyncStateTests.swift in Sources */ = {isa = PBXBuildFile; fileRef = 414274C8B38BD503C5915828 /* SyncStateTests.swift */; };
		D91F79D3BE1111B2301DDF09 /* CluademailUITests.swift in Sources */ = {isa = PBXBuildFile; fileRef = 2C022D36E2E2196F8D84A4B0 /* CluademailUITests.swift */; };
		DB20F89FABD5C336C518A074 /* KeychainError.swift in Sources */ = {isa = PBXBuildFile; fileRef = 0D531D2BA485F96B27687C77 /* KeychainError.swift */; };
		DC093AC621B3E4CD06FE50DF /* MockGmailAPIService.swift in Sources */ = {isa = PBXBuildFile; fileRef = 298A6B814158A0950BF2128D /* MockGmailAPIService.swift */; };
		E13B297944579CB569957DE1 /* SyncState.swift in Sources */ = {isa = PBXBuildFile; fileRef = 7FEE532897B7EB8084D76878 /* SyncState.swift */; };
		E5266441B1EB9CD8912FE24E /* UnreadCountBadge.swift in Sources */ = {isa = PBXBuildFile; fileRef = DC1435B81504AE98DC91E9C7 /* UnreadCountBadge.swift */; };
		E56F8ADCD7E180BE9722E1FF /* GoogleOAuthClientTests.swift in Sources */ = {isa = PBXBuildFile; fileRef = E21C4526054C29B72E709DDB /* GoogleOAuthClientTests.swift */; };
		E8AA4868DB16E4ADDE10BC52 /* EmptyStateView.swift in Sources */ = {isa = PBXBuildFile; fileRef = 30FE36F81E5FDCA6A617F85D /* EmptyStateView.swift */; };
		E9E1C995A5C8E468BB681E8B /* ExternalImagePolicy.swift in Sources */ = {isa = PBXBuildFile; fileRef = 2D5B394C863F6555F7B79079 /* ExternalImagePolicy.swift */; };
		EBEA251FFF8B1569D74524EA /* EmailDetailView.swift in Sources */ = {isa = PBXBuildFile; fileRef = 7D4EED2ED924EB72832B5F9F /* EmailDetailView.swift */; };
		EF1FC471BA163293D8D3211A /* SyncEngine.swift in Sources */ = {isa = PBXBuildFile; fileRef = 1B4B46C5B65D8ECAACAFCF7C /* SyncEngine.swift */; };
		EFD5DD5588F8910329588F65 /* LabelRepository.swift in Sources */ = {isa = PBXBuildFile; fileRef = 3CA3DD8A8A8AAAF625AAB015 /* LabelRepository.swift */; };
		F797B1AB64085CBB9A95B830 /* SyncStateRepository.swift in Sources */ = {isa = PBXBuildFile; fileRef = 2EECDBB18D726153D366B5E6 /* SyncStateRepository.swift */; };
		F7C7BD66E6D6D27905DC7276 /* EmailDetailViewModel.swift in Sources */ = {isa = PBXBuildFile; fileRef = 5A8BC0DF4274C505CA5F8372 /* EmailDetailViewModel.swift */; };
		FBDCF626844112D529238A8D /* RepositoryProtocols.swift in Sources */ = {isa = PBXBuildFile; fileRef = 71FE63FD11C7ECA8C201FE43 /* RepositoryProtocols.swift */; };
		FFDDCB9A041FB74037297C0E /* FolderRow.swift in Sources */ = {isa = PBXBuildFile; fileRef = E6A6CFDECD13D22E0C83973D /* FolderRow.swift */; };
/* End PBXBuildFile section */

/* Begin PBXContainerItemProxy section */
		05AE0C79031D51E7A388ADB3 /* PBXContainerItemProxy */ = {
			isa = PBXContainerItemProxy;
			containerPortal = C9BE3A4861397F1250573C33 /* Project object */;
			proxyType = 1;
			remoteGlobalIDString = 1D83F4DAF83049B6943F21A4;
			remoteInfo = Cluademail;
		};
		989B786D97304EC93B1BD249 /* PBXContainerItemProxy */ = {
			isa = PBXContainerItemProxy;
			containerPortal = C9BE3A4861397F1250573C33 /* Project object */;
			proxyType = 1;
			remoteGlobalIDString = 1D83F4DAF83049B6943F21A4;
			remoteInfo = Cluademail;
		};
/* End PBXContainerItemProxy section */

/* Begin PBXFileReference section */
		03D13DF4EFA0C13C68375FCB /* AuthenticationErrorTests.swift */ = {isa = PBXFileReference; lastKnownFileType = sourcecode.swift; path = AuthenticationErrorTests.swift; sourceTree = "<group>"; };
		0CA035031CDBDECC562FD292 /* CluademailUITestsLaunchTests.swift */ = {isa = PBXFileReference; lastKnownFileType = sourcecode.swift; path = CluademailUITestsLaunchTests.swift; sourceTree = "<group>"; };
		0D531D2BA485F96B27687C77 /* KeychainError.swift */ = {isa = PBXFileReference; lastKnownFileType = sourcecode.swift; path = KeychainError.swift; sourceTree = "<group>"; };
		0DA42953BB2DD3A551C72AF5 /* HTMLSanitizer.swift */ = {isa = PBXFileReference; lastKnownFileType = sourcecode.swift; path = HTMLSanitizer.swift; sourceTree = "<group>"; };
		104CFBC7A213A34B59692906 /* ErrorHandlerTests.swift */ = {isa = PBXFileReference; lastKnownFileType = sourcecode.swift; path = ErrorHandlerTests.swift; sourceTree = "<group>"; };
		105A8ECA5CFDA420A260FD80 /* .gitkeep */ = {isa = PBXFileReference; path = .gitkeep; sourceTree = "<group>"; };
		119128011A10BA888D27DBBC /* EmailListFormatters.swift */ = {isa = PBXFileReference; lastKnownFileType = sourcecode.swift; path = EmailListFormatters.swift; sourceTree = "<group>"; };
		1B4B46C5B65D8ECAACAFCF7C /* SyncEngine.swift */ = {isa = PBXFileReference; lastKnownFileType = sourcecode.swift; path = SyncEngine.swift; sourceTree = "<group>"; };
		1CFDBE3BB6288C8AB72A0665 /* ThreadRowView.swift */ = {isa = PBXFileReference; lastKnownFileType = sourcecode.swift; path = ThreadRowView.swift; sourceTree = "<group>"; };
		1D3C9FB81C894147D238D07B /* SyncLockTests.swift */ = {isa = PBXFileReference; lastKnownFileType = sourcecode.swift; path = SyncLockTests.swift; sourceTree = "<group>"; };
		1DFD65D0F9D304711A9FD103 /* SyncSchedulerTests.swift */ = {isa = PBXFileReference; lastKnownFileType = sourcecode.swift; path = SyncSchedulerTests.swift; sourceTree = "<group>"; };
		2335BA8A8CE87CE762A6F59F /* SyncCoordinatorTests.swift */ = {isa = PBXFileReference; lastKnownFileType = sourcecode.swift; path = SyncCoordinatorTests.swift; sourceTree = "<group>"; };
		234BCE4FCCB055FEFFA2489F /* EmailBodyView.swift */ = {isa = PBXFileReference; lastKnownFileType = sourcecode.swift; path = EmailBodyView.swift; sourceTree = "<group>"; };
		2397DACF6BA7F233B169CA7A /* Development.xcconfig */ = {isa = PBXFileReference; lastKnownFileType = text.xcconfig; path = Development.xcconfig; sourceTree = "<group>"; };
		268DDD2F18AC59D2B57B4AAA /* SyncStatusView.swift */ = {isa = PBXFileReference; lastKnownFileType = sourcecode.swift; path = SyncStatusView.swift; sourceTree = "<group>"; };
		289BAD253090DBCFBA1C8E90 /* EmailListView.swift */ = {isa = PBXFileReference; lastKnownFileType = sourcecode.swift; path = EmailListView.swift; sourceTree = "<group>"; };
		298A6B814158A0950BF2128D /* MockGmailAPIService.swift */ = {isa = PBXFileReference; lastKnownFileType = sourcecode.swift; path = MockGmailAPIService.swift; sourceTree = "<group>"; };
		2A8D6609E880396A0CC37BF3 /* .gitkeep */ = {isa = PBXFileReference; path = .gitkeep; sourceTree = "<group>"; };
		2C022D36E2E2196F8D84A4B0 /* CluademailUITests.swift */ = {isa = PBXFileReference; lastKnownFileType = sourcecode.swift; path = CluademailUITests.swift; sourceTree = "<group>"; };
		2D5B394C863F6555F7B79079 /* ExternalImagePolicy.swift */ = {isa = PBXFileReference; lastKnownFileType = sourcecode.swift; path = ExternalImagePolicy.swift; sourceTree = "<group>"; };
		2DB6458672830D2B727A1B64 /* HTMLContentView.swift */ = {isa = PBXFileReference; lastKnownFileType = sourcecode.swift; path = HTMLContentView.swift; sourceTree = "<group>"; };
		2EECDBB18D726153D366B5E6 /* SyncStateRepository.swift */ = {isa = PBXFileReference; lastKnownFileType = sourcecode.swift; path = SyncStateRepository.swift; sourceTree = "<group>"; };
		30C157AACFEE656609A00AC7 /* SettingsView.swift */ = {isa = PBXFileReference; lastKnownFileType = sourcecode.swift; path = SettingsView.swift; sourceTree = "<group>"; };
		30FE36F81E5FDCA6A617F85D /* EmptyStateView.swift */ = {isa = PBXFileReference; lastKnownFileType = sourcecode.swift; path = EmptyStateView.swift; sourceTree = "<group>"; };
		33B12E1707645B1249F5E712 /* AccountTests.swift */ = {isa = PBXFileReference; lastKnownFileType = sourcecode.swift; path = AccountTests.swift; sourceTree = "<group>"; };
		3500B8EA33E3FE16DB73E3D9 /* LabelTests.swift */ = {isa = PBXFileReference; lastKnownFileType = sourcecode.swift; path = LabelTests.swift; sourceTree = "<group>"; };
		357652DFFB75539E6FA12EE7 /* SyncProtocols.swift */ = {isa = PBXFileReference; lastKnownFileType = sourcecode.swift; path = SyncProtocols.swift; sourceTree = "<group>"; };
		365E4FBEF91F77698F229668 /* ComposeMode.swift */ = {isa = PBXFileReference; lastKnownFileType = sourcecode.swift; path = ComposeMode.swift; sourceTree = "<group>"; };
		38C506858CFE1A79D918C804 /* AccountRow.swift */ = {isa = PBXFileReference; lastKnownFileType = sourcecode.swift; path = AccountRow.swift; sourceTree = "<group>"; };
		39E7E5C01EDE4552D8CCAA7B /* GmailAPIService.swift */ = {isa = PBXFileReference; lastKnownFileType = sourcecode.swift; path = GmailAPIService.swift; sourceTree = "<group>"; };
		3A643E7E09E9FBF4A5B82E2A /* OAuthTokensTests.swift */ = {isa = PBXFileReference; lastKnownFileType = sourcecode.swift; path = OAuthTokensTests.swift; sourceTree = "<group>"; };
		3B9C37AC93DC2066748B6291 /* EmailThread.swift */ = {isa = PBXFileReference; lastKnownFileType = sourcecode.swift; path = EmailThread.swift; sourceTree = "<group>"; };
		3CA3DD8A8A8AAAF625AAB015 /* LabelRepository.swift */ = {isa = PBXFileReference; lastKnownFileType = sourcecode.swift; path = LabelRepository.swift; sourceTree = "<group>"; };
		3D6D061E6DD7A594CE066314 /* AccountBadge.swift */ = {isa = PBXFileReference; lastKnownFileType = sourcecode.swift; path = AccountBadge.swift; sourceTree = "<group>"; };
		40E17EBE5432D578E8320312 /* UnreadStarIndicator.swift */ = {isa = PBXFileReference; lastKnownFileType = sourcecode.swift; path = UnreadStarIndicator.swift; sourceTree = "<group>"; };
		414274C8B38BD503C5915828 /* SyncStateTests.swift */ = {isa = PBXFileReference; lastKnownFileType = sourcecode.swift; path = SyncStateTests.swift; sourceTree = "<group>"; };
		4147D49D6795B0CC525E768A /* SyncCoordinator.swift */ = {isa = PBXFileReference; lastKnownFileType = sourcecode.swift; path = SyncCoordinator.swift; sourceTree = "<group>"; };
		41D3F962164C025745526F01 /* BaseRepository.swift */ = {isa = PBXFileReference; lastKnownFileType = sourcecode.swift; path = BaseRepository.swift; sourceTree = "<group>"; };
		42088B30D8CB56DC883AA573 /* CIDResolver.swift */ = {isa = PBXFileReference; lastKnownFileType = sourcecode.swift; path = CIDResolver.swift; sourceTree = "<group>"; };
		42E44E9CC80A1DE247E59648 /* DatabaseServiceTests.swift */ = {isa = PBXFileReference; lastKnownFileType = sourcecode.swift; path = DatabaseServiceTests.swift; sourceTree = "<group>"; };
		43D287256242FC0AD37A57B3 /* TokenManager.swift */ = {isa = PBXFileReference; lastKnownFileType = sourcecode.swift; path = TokenManager.swift; sourceTree = "<group>"; };
		46324EDFDBE1C1CCC0D9A73C /* ComposeWindowManager.swift */ = {isa = PBXFileReference; lastKnownFileType = sourcecode.swift; path = ComposeWindowManager.swift; sourceTree = "<group>"; };
		4780B0E3EB520A1A0092C2C3 /* RichTextEditor.swift */ = {isa = PBXFileReference; lastKnownFileType = sourcecode.swift; path = RichTextEditor.swift; sourceTree = "<group>"; };
		47B1545420513FD32DD5F091 /* SyncScheduler.swift */ = {isa = PBXFileReference; lastKnownFileType = sourcecode.swift; path = SyncScheduler.swift; sourceTree = "<group>"; };
		4B2488D502125AFA101A80DC /* EmailRepository.swift */ = {isa = PBXFileReference; lastKnownFileType = sourcecode.swift; path = EmailRepository.swift; sourceTree = "<group>"; };
		4B9CD5EAE78D318D5414C5A7 /* OAuthTokens.swift */ = {isa = PBXFileReference; lastKnownFileType = sourcecode.swift; path = OAuthTokens.swift; sourceTree = "<group>"; };
		4CB109320E26495222878598 /* Email.swift */ = {isa = PBXFileReference; lastKnownFileType = sourcecode.swift; path = Email.swift; sourceTree = "<group>"; };
		4D5F6BA32DE1F694F25FE9AD /* GeneralSettingsView.swift */ = {isa = PBXFileReference; lastKnownFileType = sourcecode.swift; path = GeneralSettingsView.swift; sourceTree = "<group>"; };
		4E5A2940AC0294466AFECD84 /* ComposeView.swift */ = {isa = PBXFileReference; lastKnownFileType = sourcecode.swift; path = ComposeView.swift; sourceTree = "<group>"; };
		4EA61481628B62AA4A6584CA /* MIMEMessageBuilder.swift */ = {isa = PBXFileReference; lastKnownFileType = sourcecode.swift; path = MIMEMessageBuilder.swift; sourceTree = "<group>"; };
		503A72A83DBAB2D8BA95E8CB /* ErrorAlertModifier.swift */ = {isa = PBXFileReference; lastKnownFileType = sourcecode.swift; path = ErrorAlertModifier.swift; sourceTree = "<group>"; };
		53DC215186AA9F8D6B150930 /* SyncStateRepositoryTests.swift */ = {isa = PBXFileReference; lastKnownFileType = sourcecode.swift; path = SyncStateRepositoryTests.swift; sourceTree = "<group>"; };
		551B0B4438D418F5EEEA82A3 /* AppConfiguration.swift */ = {isa = PBXFileReference; lastKnownFileType = sourcecode.swift; path = AppConfiguration.swift; sourceTree = "<group>"; };
		5522EB7E0BED1C5E78F81D0B /* NotificationSettingsView.swift */ = {isa = PBXFileReference; lastKnownFileType = sourcecode.swift; path = NotificationSettingsView.swift; sourceTree = "<group>"; };
		57B66BC238E64886262F9353 /* FormattingToolbar.swift */ = {isa = PBXFileReference; lastKnownFileType = sourcecode.swift; path = FormattingToolbar.swift; sourceTree = "<group>"; };
		5A30A697D90D675569B375EF /* GmailEndpoints.swift */ = {isa = PBXFileReference; lastKnownFileType = sourcecode.swift; path = GmailEndpoints.swift; sourceTree = "<group>"; };
		5A8BC0DF4274C505CA5F8372 /* EmailDetailViewModel.swift */ = {isa = PBXFileReference; lastKnownFileType = sourcecode.swift; path = EmailDetailViewModel.swift; sourceTree = "<group>"; };
		5C6911A2D9791C5D3A71ACCF /* LabelRepositoryTests.swift */ = {isa = PBXFileReference; lastKnownFileType = sourcecode.swift; path = LabelRepositoryTests.swift; sourceTree = "<group>"; };
		5F9DA7BF54ABE70B5F8A6184 /* AccountRepository.swift */ = {isa = PBXFileReference; lastKnownFileType = sourcecode.swift; path = AccountRepository.swift; sourceTree = "<group>"; };
		6960B4F7F2C0913B2DC5593E /* .gitkeep */ = {isa = PBXFileReference; path = .gitkeep; sourceTree = "<group>"; };
		6AB3436657D3A0C15E8901A9 /* GmailDTOsTests.swift */ = {isa = PBXFileReference; lastKnownFileType = sourcecode.swift; path = GmailDTOsTests.swift; sourceTree = "<group>"; };
		6BF8CBC97A005E47AA7DC209 /* AppDelegate.swift */ = {isa = PBXFileReference; lastKnownFileType = sourcecode.swift; path = AppDelegate.swift; sourceTree = "<group>"; };
		6E9FC60EC1B2975B00D29CCD /* DraftAutoSaveManager.swift */ = {isa = PBXFileReference; lastKnownFileType = sourcecode.swift; path = DraftAutoSaveManager.swift; sourceTree = "<group>"; };
		6EAB9E61108A7F0C732B2818 /* Cluademail.app */ = {isa = PBXFileReference; explicitFileType = wrapper.application; includeInIndex = 0; path = Cluademail.app; sourceTree = BUILT_PRODUCTS_DIR; };
		70D1A8B045A15A71C1097F2D /* AuthenticationError.swift */ = {isa = PBXFileReference; lastKnownFileType = sourcecode.swift; path = AuthenticationError.swift; sourceTree = "<group>"; };
		71FE63FD11C7ECA8C201FE43 /* RepositoryProtocols.swift */ = {isa = PBXFileReference; lastKnownFileType = sourcecode.swift; path = RepositoryProtocols.swift; sourceTree = "<group>"; };
		72CA77249561968D27292B08 /* ContentView.swift */ = {isa = PBXFileReference; lastKnownFileType = sourcecode.swift; path = ContentView.swift; sourceTree = "<group>"; };
		72EDE91236E30219EC135D9B /* EmailTests.swift */ = {isa = PBXFileReference; lastKnownFileType = sourcecode.swift; path = EmailTests.swift; sourceTree = "<group>"; };
		731AD9CA27F07F025A6BF2FE /* AuthenticationService.swift */ = {isa = PBXFileReference; lastKnownFileType = sourcecode.swift; path = AuthenticationService.swift; sourceTree = "<group>"; };
		7446CC5E5815F20F542BE3E1 /* MockDatabaseService.swift */ = {isa = PBXFileReference; lastKnownFileType = sourcecode.swift; path = MockDatabaseService.swift; sourceTree = "<group>"; };
		7613D167D9C280C9005F0DDB /* Cluademail.entitlements */ = {isa = PBXFileReference; lastKnownFileType = text.plist.entitlements; path = Cluademail.entitlements; sourceTree = "<group>"; };
		78FED01727FAAEB076CC3939 /* AttachmentListView.swift */ = {isa = PBXFileReference; lastKnownFileType = sourcecode.swift; path = AttachmentListView.swift; sourceTree = "<group>"; };
		7B0C4F530B66135464A74894 /* Info.plist */ = {isa = PBXFileReference; lastKnownFileType = text.plist; path = Info.plist; sourceTree = "<group>"; };
		7BC2CF94B5B0E25DA6CA2A41 /* Info.plist */ = {isa = PBXFileReference; lastKnownFileType = text.plist; path = Info.plist; sourceTree = "<group>"; };
		7D4EED2ED924EB72832B5F9F /* EmailDetailView.swift */ = {isa = PBXFileReference; lastKnownFileType = sourcecode.swift; path = EmailDetailView.swift; sourceTree = "<group>"; };
		7D89558DED2FAD9B45907417 /* MockKeychainService.swift */ = {isa = PBXFileReference; lastKnownFileType = sourcecode.swift; path = MockKeychainService.swift; sourceTree = "<group>"; };
		7FEE532897B7EB8084D76878 /* SyncState.swift */ = {isa = PBXFileReference; lastKnownFileType = sourcecode.swift; path = SyncState.swift; sourceTree = "<group>"; };
		8B62664B645199305AB0495B /* Account.swift */ = {isa = PBXFileReference; lastKnownFileType = sourcecode.swift; path = Account.swift; sourceTree = "<group>"; };
		8DB6CF3361859088DFD1A9CB /* EmailListViewModel.swift */ = {isa = PBXFileReference; lastKnownFileType = sourcecode.swift; path = EmailListViewModel.swift; sourceTree = "<group>"; };
		8E4F9993B00138BE076D922B /* EmailRepositoryTests.swift */ = {isa = PBXFileReference; lastKnownFileType = sourcecode.swift; path = EmailRepositoryTests.swift; sourceTree = "<group>"; };
		8F86B5C4494A755215845E8A /* EmailThreadTests.swift */ = {isa = PBXFileReference; lastKnownFileType = sourcecode.swift; path = EmailThreadTests.swift; sourceTree = "<group>"; };
		9262E2262442758CF9A5142F /* Attachment.swift */ = {isa = PBXFileReference; lastKnownFileType = sourcecode.swift; path = Attachment.swift; sourceTree = "<group>"; };
		92B038C1D5467E5F1079B1FA /* RetryHelper.swift */ = {isa = PBXFileReference; lastKnownFileType = sourcecode.swift; path = RetryHelper.swift; sourceTree = "<group>"; };
		94F102DEB2A5EF10CC0E686B /* GoogleUserProfile.swift */ = {isa = PBXFileReference; lastKnownFileType = sourcecode.swift; path = GoogleUserProfile.swift; sourceTree = "<group>"; };
		966179F817AD174555AC17AE /* GmailModelMapperTests.swift */ = {isa = PBXFileReference; lastKnownFileType = sourcecode.swift; path = GmailModelMapperTests.swift; sourceTree = "<group>"; };
		9743CC82674D4EE6DEB9C4BD /* AppStateTests.swift */ = {isa = PBXFileReference; lastKnownFileType = sourcecode.swift; path = AppStateTests.swift; sourceTree = "<group>"; };
		987016A011314ADC70583BD8 /* .gitkeep */ = {isa = PBXFileReference; path = .gitkeep; sourceTree = "<group>"; };
		990A43B0CDCD29A8AB50E07D /* EmailHeaderView.swift */ = {isa = PBXFileReference; lastKnownFileType = sourcecode.swift; path = EmailHeaderView.swift; sourceTree = "<group>"; };
		9A6481F2D2309A3F8DDF2C8E /* TestFixtures.swift */ = {isa = PBXFileReference; lastKnownFileType = sourcecode.swift; path = TestFixtures.swift; sourceTree = "<group>"; };
		9BB5F85BBB3220D69D52559F /* DataBase64URLTests.swift */ = {isa = PBXFileReference; lastKnownFileType = sourcecode.swift; path = DataBase64URLTests.swift; sourceTree = "<group>"; };
		9C72D71C20E70727C71272EE /* .gitkeep */ = {isa = PBXFileReference; path = .gitkeep; sourceTree = "<group>"; };
		9D3FF4BE75EB7F63409372E4 /* MockOAuthClient.swift */ = {isa = PBXFileReference; lastKnownFileType = sourcecode.swift; path = MockOAuthClient.swift; sourceTree = "<group>"; };
		9E052CCB0802E3FAE9524F52 /* GmailDTOs.swift */ = {isa = PBXFileReference; lastKnownFileType = sourcecode.swift; path = GmailDTOs.swift; sourceTree = "<group>"; };
		A0D8E54CA16998A45A8E889E /* DatabaseService.swift */ = {isa = PBXFileReference; lastKnownFileType = sourcecode.swift; path = DatabaseService.swift; sourceTree = "<group>"; };
		A2F73C87665E153F8AEC489C /* KeychainService.swift */ = {isa = PBXFileReference; lastKnownFileType = sourcecode.swift; path = KeychainService.swift; sourceTree = "<group>"; };
		A3C815F426E80EBFE2122FFD /* SyncEngineTests.swift */ = {isa = PBXFileReference; lastKnownFileType = sourcecode.swift; path = SyncEngineTests.swift; sourceTree = "<group>"; };
		A55C7D8310C3620C35F8B5BD /* ErrorHandler.swift */ = {isa = PBXFileReference; lastKnownFileType = sourcecode.swift; path = ErrorHandler.swift; sourceTree = "<group>"; };
		A7EF62B4CAF3FE0A850F707A /* TokenManagerTests.swift */ = {isa = PBXFileReference; lastKnownFileType = sourcecode.swift; path = TokenManagerTests.swift; sourceTree = "<group>"; };
		A9461B5815DC33F328E49CBD /* KeychainServiceTests.swift */ = {isa = PBXFileReference; lastKnownFileType = sourcecode.swift; path = KeychainServiceTests.swift; sourceTree = "<group>"; };
		AC2EECEA96D4D256C9A28F07 /* AccountRepositoryTests.swift */ = {isa = PBXFileReference; lastKnownFileType = sourcecode.swift; path = AccountRepositoryTests.swift; sourceTree = "<group>"; };
		AC66E440378DDF981F7F95EC /* .gitkeep */ = {isa = PBXFileReference; path = .gitkeep; sourceTree = "<group>"; };
		AD436874AC3F4454B5995878 /* NotificationService.swift */ = {isa = PBXFileReference; lastKnownFileType = sourcecode.swift; path = NotificationService.swift; sourceTree = "<group>"; };
		AFEC8A67003A8E8E27FB62E4 /* Label.swift */ = {isa = PBXFileReference; lastKnownFileType = sourcecode.swift; path = Label.swift; sourceTree = "<group>"; };
		B0F11BB99A2872F15CF13283 /* AttachmentTests.swift */ = {isa = PBXFileReference; lastKnownFileType = sourcecode.swift; path = AttachmentTests.swift; sourceTree = "<group>"; };
		B71FA77FD882522B8C3DB728 /* EmailRowView.swift */ = {isa = PBXFileReference; lastKnownFileType = sourcecode.swift; path = EmailRowView.swift; sourceTree = "<group>"; };
		B97EB1C9A806F9C4D683B5F5 /* .gitkeep */ = {isa = PBXFileReference; path = .gitkeep; sourceTree = "<group>"; };
		BD3D300B9C700FFE1AC5D905 /* Production.xcconfig */ = {isa = PBXFileReference; lastKnownFileType = text.xcconfig; path = Production.xcconfig; sourceTree = "<group>"; };
		BEBC9353E9E11CBC955E4CDE /* Data+Base64URL.swift */ = {isa = PBXFileReference; lastKnownFileType = sourcecode.swift; path = "Data+Base64URL.swift"; sourceTree = "<group>"; };
		C55CE7C313929B9D96E9FFA4 /* Info.plist */ = {isa = PBXFileReference; lastKnownFileType = text.plist; path = Info.plist; sourceTree = "<group>"; };
		CA6886A1386746E5F353DFEA /* ComposeViewModel.swift */ = {isa = PBXFileReference; lastKnownFileType = sourcecode.swift; path = ComposeViewModel.swift; sourceTree = "<group>"; };
		CA733F8F65150D0002B16D66 /* CluademailApp.swift */ = {isa = PBXFileReference; lastKnownFileType = sourcecode.swift; path = CluademailApp.swift; sourceTree = "<group>"; };
		CAB7373673CE62819DBB2C89 /* MockErrorHandler.swift */ = {isa = PBXFileReference; lastKnownFileType = sourcecode.swift; path = MockErrorHandler.swift; sourceTree = "<group>"; };
		CBCAAC030732F5D59FCCECC7 /* AppError.swift */ = {isa = PBXFileReference; lastKnownFileType = sourcecode.swift; path = AppError.swift; sourceTree = "<group>"; };
		CF31137F9BF2159C9220AF0A /* .gitkeep */ = {isa = PBXFileReference; path = .gitkeep; sourceTree = "<group>"; };
		D03F65D2D6D8D02AB5797EF0 /* CluademailTests.xctest */ = {isa = PBXFileReference; explicitFileType = wrapper.cfbundle; includeInIndex = 0; path = CluademailTests.xctest; sourceTree = BUILT_PRODUCTS_DIR; };
		DA445E64003F01D603B9644C /* GoogleOAuthClient.swift */ = {isa = PBXFileReference; lastKnownFileType = sourcecode.swift; path = GoogleOAuthClient.swift; sourceTree = "<group>"; };
		DC1435B81504AE98DC91E9C7 /* UnreadCountBadge.swift */ = {isa = PBXFileReference; lastKnownFileType = sourcecode.swift; path = UnreadCountBadge.swift; sourceTree = "<group>"; };
		DC60EFE150494BB055812FAF /* Assets.xcassets */ = {isa = PBXFileReference; lastKnownFileType = folder.assetcatalog; path = Assets.xcassets; sourceTree = "<group>"; };
		DCBD9F136DD26F7855A38E1F /* MockTokenManager.swift */ = {isa = PBXFileReference; lastKnownFileType = sourcecode.swift; path = MockTokenManager.swift; sourceTree = "<group>"; };
		DF3F7FCADF3BD3F8C8C81C92 /* GmailModelMapper.swift */ = {isa = PBXFileReference; lastKnownFileType = sourcecode.swift; path = GmailModelMapper.swift; sourceTree = "<group>"; };
		E0ABF0241FB4924BA0BC4CCF /* AuthenticationProtocols.swift */ = {isa = PBXFileReference; lastKnownFileType = sourcecode.swift; path = AuthenticationProtocols.swift; sourceTree = "<group>"; };
		E21C4526054C29B72E709DDB /* GoogleOAuthClientTests.swift */ = {isa = PBXFileReference; lastKnownFileType = sourcecode.swift; path = GoogleOAuthClientTests.swift; sourceTree = "<group>"; };
		E6A6CFDECD13D22E0C83973D /* FolderRow.swift */ = {isa = PBXFileReference; lastKnownFileType = sourcecode.swift; path = FolderRow.swift; sourceTree = "<group>"; };
		E6AEA0C8594D7FC60B709CE0 /* SyncLock.swift */ = {isa = PBXFileReference; lastKnownFileType = sourcecode.swift; path = SyncLock.swift; sourceTree = "<group>"; };
		E8A2F028C7875FF4C33BC9A6 /* AppState.swift */ = {isa = PBXFileReference; lastKnownFileType = sourcecode.swift; path = AppState.swift; sourceTree = "<group>"; };
		EA16230336B76D31A48C1BCC /* GmailAPIServiceProtocol.swift */ = {isa = PBXFileReference; lastKnownFileType = sourcecode.swift; path = GmailAPIServiceProtocol.swift; sourceTree = "<group>"; };
		F412728C3AB80553882F5657 /* DatabaseError.swift */ = {isa = PBXFileReference; lastKnownFileType = sourcecode.swift; path = DatabaseError.swift; sourceTree = "<group>"; };
		F686E47F167852587CF96FE6 /* SidebarView.swift */ = {isa = PBXFileReference; lastKnownFileType = sourcecode.swift; path = SidebarView.swift; sourceTree = "<group>"; };
		F72105B3BBA48D6D965D5610 /* RecipientFieldView.swift */ = {isa = PBXFileReference; lastKnownFileType = sourcecode.swift; path = RecipientFieldView.swift; sourceTree = "<group>"; };
		FB6B3E327B44702BE4C9448A /* XCTestCase+Extensions.swift */ = {isa = PBXFileReference; lastKnownFileType = sourcecode.swift; path = "XCTestCase+Extensions.swift"; sourceTree = "<group>"; };
		FB89B4E28E6824D836211BC5 /* Logger+Extensions.swift */ = {isa = PBXFileReference; lastKnownFileType = sourcecode.swift; path = "Logger+Extensions.swift"; sourceTree = "<group>"; };
		FD7A8B09E9E6DC340183A13B /* CluademailUITests.xctest */ = {isa = PBXFileReference; explicitFileType = wrapper.cfbundle; includeInIndex = 0; path = CluademailUITests.xctest; sourceTree = BUILT_PRODUCTS_DIR; };
/* End PBXFileReference section */

/* Begin PBXGroup section */
		0DF60C0CA44A06CB2D9CD8A9 /* EmailDetail */ = {
			isa = PBXGroup;
			children = (
				78FED01727FAAEB076CC3939 /* AttachmentListView.swift */,
				234BCE4FCCB055FEFFA2489F /* EmailBodyView.swift */,
				7D4EED2ED924EB72832B5F9F /* EmailDetailView.swift */,
				5A8BC0DF4274C505CA5F8372 /* EmailDetailViewModel.swift */,
				990A43B0CDCD29A8AB50E07D /* EmailHeaderView.swift */,
				2DB6458672830D2B727A1B64 /* HTMLContentView.swift */,
			);
			path = EmailDetail;
			sourceTree = "<group>";
		};
		1851CD15F288FE95A485E7B7 /* CluademailUITests */ = {
			isa = PBXGroup;
			children = (
				2C022D36E2E2196F8D84A4B0 /* CluademailUITests.swift */,
				0CA035031CDBDECC562FD292 /* CluademailUITestsLaunchTests.swift */,
				C55CE7C313929B9D96E9FFA4 /* Info.plist */,
			);
			path = CluademailUITests;
			sourceTree = "<group>";
		};
		1C309048FCE7B3A1F21583A7 /* Gmail */ = {
			isa = PBXGroup;
			children = (
				966179F817AD174555AC17AE /* GmailModelMapperTests.swift */,
			);
			path = Gmail;
			sourceTree = "<group>";
		};
		1DCCDB03A8D93EEE0EE594C0 /* Configuration */ = {
			isa = PBXGroup;
			children = (
				2397DACF6BA7F233B169CA7A /* Development.xcconfig */,
				BD3D300B9C700FFE1AC5D905 /* Production.xcconfig */,
			);
			name = Configuration;
			path = Cluademail/Resources/Configuration;
			sourceTree = "<group>";
		};
		243E463ADEBD3D0C8378DA58 /* Gmail */ = {
			isa = PBXGroup;
			children = (
				F03670C711CB2E5487A148FF /* Mappers */,
				39E7E5C01EDE4552D8CCAA7B /* GmailAPIService.swift */,
				EA16230336B76D31A48C1BCC /* GmailAPIServiceProtocol.swift */,
				5A30A697D90D675569B375EF /* GmailEndpoints.swift */,
				4EA61481628B62AA4A6584CA /* MIMEMessageBuilder.swift */,
			);
			path = Gmail;
			sourceTree = "<group>";
		};
		24B74075E24253D04A63D16C /* Compose */ = {
			isa = PBXGroup;
			children = (
				365E4FBEF91F77698F229668 /* ComposeMode.swift */,
				4E5A2940AC0294466AFECD84 /* ComposeView.swift */,
				CA6886A1386746E5F353DFEA /* ComposeViewModel.swift */,
				46324EDFDBE1C1CCC0D9A73C /* ComposeWindowManager.swift */,
				6E9FC60EC1B2975B00D29CCD /* DraftAutoSaveManager.swift */,
				57B66BC238E64886262F9353 /* FormattingToolbar.swift */,
				F72105B3BBA48D6D965D5610 /* RecipientFieldView.swift */,
				4780B0E3EB520A1A0092C2C3 /* RichTextEditor.swift */,
			);
			path = Compose;
			sourceTree = "<group>";
		};
		24B7A430943094BBD26B4968 /* Accounts */ = {
			isa = PBXGroup;
			children = (
				6960B4F7F2C0913B2DC5593E /* .gitkeep */,
			);
			path = Accounts;
			sourceTree = "<group>";
		};
		25827B9D898B15768452AB1B /* Repositories */ = {
			isa = PBXGroup;
			children = (
				B97EB1C9A806F9C4D683B5F5 /* .gitkeep */,
				5F9DA7BF54ABE70B5F8A6184 /* AccountRepository.swift */,
				41D3F962164C025745526F01 /* BaseRepository.swift */,
				4B2488D502125AFA101A80DC /* EmailRepository.swift */,
				3CA3DD8A8A8AAAF625AAB015 /* LabelRepository.swift */,
				71FE63FD11C7ECA8C201FE43 /* RepositoryProtocols.swift */,
				2EECDBB18D726153D366B5E6 /* SyncStateRepository.swift */,
			);
			path = Repositories;
			sourceTree = "<group>";
		};
		35C475ECADC5C06404E48513 /* Logging */ = {
			isa = PBXGroup;
			children = (
				FB89B4E28E6824D836211BC5 /* Logger+Extensions.swift */,
			);
			path = Logging;
			sourceTree = "<group>";
		};
		3E41E0A514B01982CD4BE43D /* Search */ = {
			isa = PBXGroup;
			children = (
				AC66E440378DDF981F7F95EC /* .gitkeep */,
			);
			path = Search;
			sourceTree = "<group>";
		};
		43577DF78FD52BCFF0C452FF /* Unit */ = {
			isa = PBXGroup;
			children = (
				99BF5E955FE9A812015101B9 /* Extensions */,
				BEDA0ED8E74DD7AFB123D1FB /* Models */,
				6FE583EEE75E057727A0EFCF /* Repositories */,
				5B03BD113306A5EAD6436436 /* Services */,
				9743CC82674D4EE6DEB9C4BD /* AppStateTests.swift */,
				104CFBC7A213A34B59692906 /* ErrorHandlerTests.swift */,
			);
			path = Unit;
			sourceTree = "<group>";
		};
		435901C3CD7239A82411779C /* Sync */ = {
			isa = PBXGroup;
			children = (
				4147D49D6795B0CC525E768A /* SyncCoordinator.swift */,
				1B4B46C5B65D8ECAACAFCF7C /* SyncEngine.swift */,
				E6AEA0C8594D7FC60B709CE0 /* SyncLock.swift */,
				357652DFFB75539E6FA12EE7 /* SyncProtocols.swift */,
				47B1545420513FD32DD5F091 /* SyncScheduler.swift */,
			);
			path = Sync;
			sourceTree = "<group>";
		};
		49D679A48A5196B2A4ACEEEF /* Core */ = {
			isa = PBXGroup;
			children = (
				E28F9CA5B098B5B945EEA645 /* Errors */,
				C84E2A67355FE901EB9F5EF9 /* Extensions */,
				35C475ECADC5C06404E48513 /* Logging */,
				D20BED6D11C1CA24FDE70451 /* Models */,
				25827B9D898B15768452AB1B /* Repositories */,
				ACDB85C3247E8F10421DE0C5 /* Services */,
				9CD1B0040B989E1168E58D31 /* Utilities */,
			);
			path = Core;
			sourceTree = "<group>";
		};
		4B68ED5FF024C686FE5B66BD /* Tools */ = {
			isa = PBXGroup;
			children = (
				9C72D71C20E70727C71272EE /* .gitkeep */,
			);
			path = Tools;
			sourceTree = "<group>";
		};
		5969AEEE1413CADD0A0FB34A /* Authentication */ = {
			isa = PBXGroup;
			children = (
				E0ABF0241FB4924BA0BC4CCF /* AuthenticationProtocols.swift */,
				731AD9CA27F07F025A6BF2FE /* AuthenticationService.swift */,
				DA445E64003F01D603B9644C /* GoogleOAuthClient.swift */,
				94F102DEB2A5EF10CC0E686B /* GoogleUserProfile.swift */,
				A2F73C87665E153F8AEC489C /* KeychainService.swift */,
				4B9CD5EAE78D318D5414C5A7 /* OAuthTokens.swift */,
				43D287256242FC0AD37A57B3 /* TokenManager.swift */,
			);
			path = Authentication;
			sourceTree = "<group>";
		};
		5B03BD113306A5EAD6436436 /* Services */ = {
			isa = PBXGroup;
			children = (
				1C309048FCE7B3A1F21583A7 /* Gmail */,
				CA2DBD98A44BD386FBA9A873 /* Sync */,
				03D13DF4EFA0C13C68375FCB /* AuthenticationErrorTests.swift */,
				E21C4526054C29B72E709DDB /* GoogleOAuthClientTests.swift */,
				A9461B5815DC33F328E49CBD /* KeychainServiceTests.swift */,
				3A643E7E09E9FBF4A5B82E2A /* OAuthTokensTests.swift */,
				A7EF62B4CAF3FE0A850F707A /* TokenManagerTests.swift */,
			);
			path = Services;
			sourceTree = "<group>";
		};
		6D997894679FBA8C19CEF5D9 /* Products */ = {
			isa = PBXGroup;
			children = (
				6EAB9E61108A7F0C732B2818 /* Cluademail.app */,
				D03F65D2D6D8D02AB5797EF0 /* CluademailTests.xctest */,
				FD7A8B09E9E6DC340183A13B /* CluademailUITests.xctest */,
			);
			name = Products;
			sourceTree = "<group>";
		};
		6FE583EEE75E057727A0EFCF /* Repositories */ = {
			isa = PBXGroup;
			children = (
				AC2EECEA96D4D256C9A28F07 /* AccountRepositoryTests.swift */,
				42E44E9CC80A1DE247E59648 /* DatabaseServiceTests.swift */,
				8E4F9993B00138BE076D922B /* EmailRepositoryTests.swift */,
				5C6911A2D9791C5D3A71ACCF /* LabelRepositoryTests.swift */,
				53DC215186AA9F8D6B150930 /* SyncStateRepositoryTests.swift */,
			);
			path = Repositories;
			sourceTree = "<group>";
		};
		6FF686FE4739DC7349C09D1E = {
			isa = PBXGroup;
			children = (
				A9F1737784706701626C8B5B /* Cluademail */,
				FB896CC6C6C688FAE1D0CB2F /* CluademailTests */,
				1851CD15F288FE95A485E7B7 /* CluademailUITests */,
				1DCCDB03A8D93EEE0EE594C0 /* Configuration */,
				6D997894679FBA8C19CEF5D9 /* Products */,
			);
			sourceTree = "<group>";
		};
		8152231D95DA837F7A059B3F /* Mocks */ = {
			isa = PBXGroup;
			children = (
				7446CC5E5815F20F542BE3E1 /* MockDatabaseService.swift */,
				CAB7373673CE62819DBB2C89 /* MockErrorHandler.swift */,
				298A6B814158A0950BF2128D /* MockGmailAPIService.swift */,
				7D89558DED2FAD9B45907417 /* MockKeychainService.swift */,
				9D3FF4BE75EB7F63409372E4 /* MockOAuthClient.swift */,
				DCBD9F136DD26F7855A38E1F /* MockTokenManager.swift */,
			);
			path = Mocks;
			sourceTree = "<group>";
		};
		862D7B9467D9667D8C3965F7 /* Settings */ = {
			isa = PBXGroup;
			children = (
				4D5F6BA32DE1F694F25FE9AD /* GeneralSettingsView.swift */,
				5522EB7E0BED1C5E78F81D0B /* NotificationSettingsView.swift */,
				30C157AACFEE656609A00AC7 /* SettingsView.swift */,
			);
			path = Settings;
			sourceTree = "<group>";
		};
		86833C548C239750E42D65E0 /* Features */ = {
			isa = PBXGroup;
			children = (
				24B7A430943094BBD26B4968 /* Accounts */,
				24B74075E24253D04A63D16C /* Compose */,
				0DF60C0CA44A06CB2D9CD8A9 /* EmailDetail */,
				AAC8A096A55122D3A41F3087 /* EmailList */,
				3E41E0A514B01982CD4BE43D /* Search */,
				862D7B9467D9667D8C3965F7 /* Settings */,
				CD329C9F181CEEC0D1CF82EA /* Sidebar */,
				72CA77249561968D27292B08 /* ContentView.swift */,
			);
			path = Features;
			sourceTree = "<group>";
		};
		958FC52FAE85106688CB46F2 /* Server */ = {
			isa = PBXGroup;
			children = (
				CF31137F9BF2159C9220AF0A /* .gitkeep */,
			);
			path = Server;
			sourceTree = "<group>";
		};
		99BF5E955FE9A812015101B9 /* Extensions */ = {
			isa = PBXGroup;
			children = (
				9BB5F85BBB3220D69D52559F /* DataBase64URLTests.swift */,
			);
			path = Extensions;
			sourceTree = "<group>";
		};
		9C880789F12D3D957DBA01C7 /* App */ = {
			isa = PBXGroup;
			children = (
				551B0B4438D418F5EEEA82A3 /* AppConfiguration.swift */,
				6BF8CBC97A005E47AA7DC209 /* AppDelegate.swift */,
				E8A2F028C7875FF4C33BC9A6 /* AppState.swift */,
				CA733F8F65150D0002B16D66 /* CluademailApp.swift */,
			);
			path = App;
			sourceTree = "<group>";
		};
		9CD1B0040B989E1168E58D31 /* Utilities */ = {
			isa = PBXGroup;
			children = (
				2A8D6609E880396A0CC37BF3 /* .gitkeep */,
				92B038C1D5467E5F1079B1FA /* RetryHelper.swift */,
			);
			path = Utilities;
			sourceTree = "<group>";
		};
		A9F1737784706701626C8B5B /* Cluademail */ = {
			isa = PBXGroup;
			children = (
				9C880789F12D3D957DBA01C7 /* App */,
				49D679A48A5196B2A4ACEEEF /* Core */,
				86833C548C239750E42D65E0 /* Features */,
				D83AD177F4067E74D7BF2594 /* MCP */,
				F53FBA9FBD2BF2AF9D39D093 /* Resources */,
				C1D4DD7B92B4547764857F03 /* Supporting */,
			);
			path = Cluademail;
			sourceTree = "<group>";
		};
		AAC8A096A55122D3A41F3087 /* EmailList */ = {
			isa = PBXGroup;
			children = (
				CC91FA5DE46DE7CE9372E3F8 /* Shared */,
				987016A011314ADC70583BD8 /* .gitkeep */,
				289BAD253090DBCFBA1C8E90 /* EmailListView.swift */,
				8DB6CF3361859088DFD1A9CB /* EmailListViewModel.swift */,
				B71FA77FD882522B8C3DB728 /* EmailRowView.swift */,
				30FE36F81E5FDCA6A617F85D /* EmptyStateView.swift */,
				1CFDBE3BB6288C8AB72A0665 /* ThreadRowView.swift */,
			);
			path = EmailList;
			sourceTree = "<group>";
		};
		ACDB85C3247E8F10421DE0C5 /* Services */ = {
			isa = PBXGroup;
			children = (
				5969AEEE1413CADD0A0FB34A /* Authentication */,
				E5AB0F29C2401BCA1F06ABDB /* EmailDetail */,
				243E463ADEBD3D0C8378DA58 /* Gmail */,
				435901C3CD7239A82411779C /* Sync */,
				105A8ECA5CFDA420A260FD80 /* .gitkeep */,
				A0D8E54CA16998A45A8E889E /* DatabaseService.swift */,
				AD436874AC3F4454B5995878 /* NotificationService.swift */,
			);
			path = Services;
			sourceTree = "<group>";
		};
		BEDA0ED8E74DD7AFB123D1FB /* Models */ = {
			isa = PBXGroup;
			children = (
				33B12E1707645B1249F5E712 /* AccountTests.swift */,
				B0F11BB99A2872F15CF13283 /* AttachmentTests.swift */,
				72EDE91236E30219EC135D9B /* EmailTests.swift */,
				8F86B5C4494A755215845E8A /* EmailThreadTests.swift */,
				6AB3436657D3A0C15E8901A9 /* GmailDTOsTests.swift */,
				3500B8EA33E3FE16DB73E3D9 /* LabelTests.swift */,
				414274C8B38BD503C5915828 /* SyncStateTests.swift */,
			);
			path = Models;
			sourceTree = "<group>";
		};
		C1D4DD7B92B4547764857F03 /* Supporting */ = {
			isa = PBXGroup;
			children = (
				7613D167D9C280C9005F0DDB /* Cluademail.entitlements */,
				7B0C4F530B66135464A74894 /* Info.plist */,
			);
			path = Supporting;
			sourceTree = "<group>";
		};
		C84E2A67355FE901EB9F5EF9 /* Extensions */ = {
			isa = PBXGroup;
			children = (
				BEBC9353E9E11CBC955E4CDE /* Data+Base64URL.swift */,
			);
			path = Extensions;
			sourceTree = "<group>";
		};
		CA2DBD98A44BD386FBA9A873 /* Sync */ = {
			isa = PBXGroup;
			children = (
				2335BA8A8CE87CE762A6F59F /* SyncCoordinatorTests.swift */,
				A3C815F426E80EBFE2122FFD /* SyncEngineTests.swift */,
				1D3C9FB81C894147D238D07B /* SyncLockTests.swift */,
				1DFD65D0F9D304711A9FD103 /* SyncSchedulerTests.swift */,
			);
			path = Sync;
			sourceTree = "<group>";
		};
		CC91FA5DE46DE7CE9372E3F8 /* Shared */ = {
			isa = PBXGroup;
			children = (
				119128011A10BA888D27DBBC /* EmailListFormatters.swift */,
				40E17EBE5432D578E8320312 /* UnreadStarIndicator.swift */,
			);
			path = Shared;
			sourceTree = "<group>";
		};
		CD329C9F181CEEC0D1CF82EA /* Sidebar */ = {
			isa = PBXGroup;
			children = (
				3D6D061E6DD7A594CE066314 /* AccountBadge.swift */,
				38C506858CFE1A79D918C804 /* AccountRow.swift */,
				E6A6CFDECD13D22E0C83973D /* FolderRow.swift */,
				F686E47F167852587CF96FE6 /* SidebarView.swift */,
				268DDD2F18AC59D2B57B4AAA /* SyncStatusView.swift */,
				DC1435B81504AE98DC91E9C7 /* UnreadCountBadge.swift */,
			);
			path = Sidebar;
			sourceTree = "<group>";
		};
		D20BED6D11C1CA24FDE70451 /* Models */ = {
			isa = PBXGroup;
			children = (
				8B62664B645199305AB0495B /* Account.swift */,
				9262E2262442758CF9A5142F /* Attachment.swift */,
				4CB109320E26495222878598 /* Email.swift */,
				3B9C37AC93DC2066748B6291 /* EmailThread.swift */,
				9E052CCB0802E3FAE9524F52 /* GmailDTOs.swift */,
				AFEC8A67003A8E8E27FB62E4 /* Label.swift */,
				7FEE532897B7EB8084D76878 /* SyncState.swift */,
			);
			path = Models;
			sourceTree = "<group>";
		};
		D83AD177F4067E74D7BF2594 /* MCP */ = {
			isa = PBXGroup;
			children = (
				958FC52FAE85106688CB46F2 /* Server */,
				4B68ED5FF024C686FE5B66BD /* Tools */,
			);
			path = MCP;
			sourceTree = "<group>";
		};
		E28F9CA5B098B5B945EEA645 /* Errors */ = {
			isa = PBXGroup;
			children = (
				CBCAAC030732F5D59FCCECC7 /* AppError.swift */,
				70D1A8B045A15A71C1097F2D /* AuthenticationError.swift */,
				F412728C3AB80553882F5657 /* DatabaseError.swift */,
				503A72A83DBAB2D8BA95E8CB /* ErrorAlertModifier.swift */,
				A55C7D8310C3620C35F8B5BD /* ErrorHandler.swift */,
				0D531D2BA485F96B27687C77 /* KeychainError.swift */,
			);
			path = Errors;
			sourceTree = "<group>";
		};
		E5AB0F29C2401BCA1F06ABDB /* EmailDetail */ = {
			isa = PBXGroup;
			children = (
				42088B30D8CB56DC883AA573 /* CIDResolver.swift */,
				2D5B394C863F6555F7B79079 /* ExternalImagePolicy.swift */,
				0DA42953BB2DD3A551C72AF5 /* HTMLSanitizer.swift */,
			);
			path = EmailDetail;
			sourceTree = "<group>";
		};
		EAF10F9DC94373DEC339FD01 /* TestHelpers */ = {
			isa = PBXGroup;
			children = (
				9A6481F2D2309A3F8DDF2C8E /* TestFixtures.swift */,
				FB6B3E327B44702BE4C9448A /* XCTestCase+Extensions.swift */,
			);
			path = TestHelpers;
			sourceTree = "<group>";
		};
		F03670C711CB2E5487A148FF /* Mappers */ = {
			isa = PBXGroup;
			children = (
				DF3F7FCADF3BD3F8C8C81C92 /* GmailModelMapper.swift */,
			);
			path = Mappers;
			sourceTree = "<group>";
		};
		F53FBA9FBD2BF2AF9D39D093 /* Resources */ = {
			isa = PBXGroup;
			children = (
				DC60EFE150494BB055812FAF /* Assets.xcassets */,
			);
			path = Resources;
			sourceTree = "<group>";
		};
		FB896CC6C6C688FAE1D0CB2F /* CluademailTests */ = {
			isa = PBXGroup;
			children = (
				8152231D95DA837F7A059B3F /* Mocks */,
				EAF10F9DC94373DEC339FD01 /* TestHelpers */,
				43577DF78FD52BCFF0C452FF /* Unit */,
				7BC2CF94B5B0E25DA6CA2A41 /* Info.plist */,
			);
			path = CluademailTests;
			sourceTree = "<group>";
		};
/* End PBXGroup section */

/* Begin PBXNativeTarget section */
		1D83F4DAF83049B6943F21A4 /* Cluademail */ = {
			isa = PBXNativeTarget;
			buildConfigurationList = 551A8F63C61689D9B60875EF /* Build configuration list for PBXNativeTarget "Cluademail" */;
			buildPhases = (
				42047344298F8D58EE431E65 /* Sources */,
				BDB973C528EFED6F15A6F318 /* Resources */,
			);
			buildRules = (
			);
			dependencies = (
			);
			name = Cluademail;
			packageProductDependencies = (
			);
			productName = Cluademail;
			productReference = 6EAB9E61108A7F0C732B2818 /* Cluademail.app */;
			productType = "com.apple.product-type.application";
		};
		3D252E2034FAD1BAEFD707F8 /* CluademailUITests */ = {
			isa = PBXNativeTarget;
			buildConfigurationList = 2FB3904BCA64ECDF5F615EDA /* Build configuration list for PBXNativeTarget "CluademailUITests" */;
			buildPhases = (
				C20741986A7A7D6BC1275F05 /* Sources */,
			);
			buildRules = (
			);
			dependencies = (
				BD2897CDC101CDCB770E532F /* PBXTargetDependency */,
			);
			name = CluademailUITests;
			packageProductDependencies = (
			);
			productName = CluademailUITests;
			productReference = FD7A8B09E9E6DC340183A13B /* CluademailUITests.xctest */;
			productType = "com.apple.product-type.bundle.ui-testing";
		};
		4C3D04C0E278114705EC5FC1 /* CluademailTests */ = {
			isa = PBXNativeTarget;
			buildConfigurationList = CD733CE3ED0687EE708C2FA5 /* Build configuration list for PBXNativeTarget "CluademailTests" */;
			buildPhases = (
				FE11337A37D2E4D7C92480B4 /* Sources */,
			);
			buildRules = (
			);
			dependencies = (
				121631714F5954F6E40F0A18 /* PBXTargetDependency */,
			);
			name = CluademailTests;
			packageProductDependencies = (
			);
			productName = CluademailTests;
			productReference = D03F65D2D6D8D02AB5797EF0 /* CluademailTests.xctest */;
			productType = "com.apple.product-type.bundle.unit-test";
		};
/* End PBXNativeTarget section */

/* Begin PBXProject section */
		C9BE3A4861397F1250573C33 /* Project object */ = {
			isa = PBXProject;
			attributes = {
				BuildIndependentTargetsInParallel = YES;
				LastUpgradeCheck = 1500;
				TargetAttributes = {
					1D83F4DAF83049B6943F21A4 = {
						ProvisioningStyle = Automatic;
					};
					3D252E2034FAD1BAEFD707F8 = {
						TestTargetID = 1D83F4DAF83049B6943F21A4;
					};
				};
			};
			buildConfigurationList = 9FD2190BB9ACD3AE4CB367E7 /* Build configuration list for PBXProject "Cluademail" */;
			compatibilityVersion = "Xcode 14.0";
			developmentRegion = en;
			hasScannedForEncodings = 0;
			knownRegions = (
				Base,
				en,
			);
			mainGroup = 6FF686FE4739DC7349C09D1E;
			minimizedProjectReferenceProxies = 1;
			preferredProjectObjectVersion = 77;
			projectDirPath = "";
			projectRoot = "";
			targets = (
				1D83F4DAF83049B6943F21A4 /* Cluademail */,
				4C3D04C0E278114705EC5FC1 /* CluademailTests */,
				3D252E2034FAD1BAEFD707F8 /* CluademailUITests */,
			);
		};
/* End PBXProject section */

/* Begin PBXResourcesBuildPhase section */
		BDB973C528EFED6F15A6F318 /* Resources */ = {
			isa = PBXResourcesBuildPhase;
			buildActionMask = 2147483647;
			files = (
				27E1EE1AF7AB31608F17BD40 /* Assets.xcassets in Resources */,
			);
			runOnlyForDeploymentPostprocessing = 0;
		};
/* End PBXResourcesBuildPhase section */

/* Begin PBXSourcesBuildPhase section */
		42047344298F8D58EE431E65 /* Sources */ = {
			isa = PBXSourcesBuildPhase;
			buildActionMask = 2147483647;
			files = (
				4050B8F1136F3A098D9E8AB4 /* Account.swift in Sources */,
				BA2FA92854275A9AFFA60C46 /* AccountBadge.swift in Sources */,
				D1F72804BE5B2BDFF4E4A93F /* AccountRepository.swift in Sources */,
				02CC95933DCB41B816B99A42 /* AccountRow.swift in Sources */,
				8CE44C31427A055B389F6877 /* AppConfiguration.swift in Sources */,
				980D9B7DCFCD27941C85F3C5 /* AppDelegate.swift in Sources */,
				82538CDDD4B5D083C1BB9703 /* AppError.swift in Sources */,
				57EAB9D2043DB319C192AE74 /* AppState.swift in Sources */,
				7EE9CE47AF647514A00D6B5A /* Attachment.swift in Sources */,
				1EC68AB393A336E74488F238 /* AttachmentListView.swift in Sources */,
				387DDA1719D2C309395AC1EA /* AuthenticationError.swift in Sources */,
				63BA75125468F357291ABF60 /* AuthenticationProtocols.swift in Sources */,
				014D57A63A38468FE91B4626 /* AuthenticationService.swift in Sources */,
				D687FF139A3013B289BC65B1 /* BaseRepository.swift in Sources */,
				5DDEB904B6F8008455EBF1B9 /* CIDResolver.swift in Sources */,
				90301D1A04BFAD7D7AB6EBE2 /* CluademailApp.swift in Sources */,
				92F90319F6328CB5633752F9 /* ComposeMode.swift in Sources */,
				89A9B0A35ED8352CEF9A614C /* ComposeView.swift in Sources */,
				824CD80AB3ACF7A94137782A /* ComposeViewModel.swift in Sources */,
				1316673F02518E11C6D13659 /* ComposeWindowManager.swift in Sources */,
				49719336365774100D705BF6 /* ContentView.swift in Sources */,
				4D34E7AF5083DE9504C942CF /* Data+Base64URL.swift in Sources */,
				33FD7AC6BCF0AFB3DD1AA57B /* DatabaseError.swift in Sources */,
				B51478F4C7762A2A858D08CB /* DatabaseService.swift in Sources */,
				874872EBD600E74364C9A74A /* DraftAutoSaveManager.swift in Sources */,
				CB252B7542C92B9AD0E7878A /* Email.swift in Sources */,
				D365A7AAE49A7FF820DE8FFA /* EmailBodyView.swift in Sources */,
				EBEA251FFF8B1569D74524EA /* EmailDetailView.swift in Sources */,
				F7C7BD66E6D6D27905DC7276 /* EmailDetailViewModel.swift in Sources */,
				9654B958B3CD1564D3E5BA16 /* EmailHeaderView.swift in Sources */,
				7F8D22930F28AEB4554D4F8A /* EmailListFormatters.swift in Sources */,
				004539B7DBFECDB58397F3EC /* EmailListView.swift in Sources */,
				7F4ED4116D89CF0229CDAF9A /* EmailListViewModel.swift in Sources */,
				AB281FA24C2611CA8588608A /* EmailRepository.swift in Sources */,
				7DFBD2CB964B07AB5A5F6581 /* EmailRowView.swift in Sources */,
				B7A605F143D1E421FE715FFE /* EmailThread.swift in Sources */,
				E8AA4868DB16E4ADDE10BC52 /* EmptyStateView.swift in Sources */,
				71E58CBF23E4C2DCE8B43BB1 /* ErrorAlertModifier.swift in Sources */,
				2FA220C7E220A06974A73F86 /* ErrorHandler.swift in Sources */,
				E9E1C995A5C8E468BB681E8B /* ExternalImagePolicy.swift in Sources */,
				FFDDCB9A041FB74037297C0E /* FolderRow.swift in Sources */,
				524EB237BB26061C2107795F /* FormattingToolbar.swift in Sources */,
				53FDF38612F9DA6C06E6308A /* GeneralSettingsView.swift in Sources */,
				3C72978C39ADCD5C34290C74 /* GmailAPIService.swift in Sources */,
				A3CBDFA93569B62116D08232 /* GmailAPIServiceProtocol.swift in Sources */,
				5F9D84CA6F39F94B67E5F7A5 /* GmailDTOs.swift in Sources */,
				57C035D7700DB87DC8C9E2A1 /* GmailEndpoints.swift in Sources */,
				A2508CA1E319CDF2D096D520 /* GmailModelMapper.swift in Sources */,
				BAC381DF069D4F3D23FF002E /* GoogleOAuthClient.swift in Sources */,
				3EC43B3CB5467A901C11B5CD /* GoogleUserProfile.swift in Sources */,
				084E879F43489543E5C7C9D9 /* HTMLContentView.swift in Sources */,
				6420E01C50F2D750A3ED5F02 /* HTMLSanitizer.swift in Sources */,
				DB20F89FABD5C336C518A074 /* KeychainError.swift in Sources */,
				C63377C3E4B12062B1F2F1CC /* KeychainService.swift in Sources */,
				9C4D22E418E23B37EDA903FB /* Label.swift in Sources */,
				EFD5DD5588F8910329588F65 /* LabelRepository.swift in Sources */,
				A47A1535F14D0907748DE398 /* Logger+Extensions.swift in Sources */,
				D557F3DC5F953C44BF723FE4 /* MIMEMessageBuilder.swift in Sources */,
				290D2672F2958BA4C2432D16 /* NotificationService.swift in Sources */,
				1CBF0772DC5DFCE7B64828CF /* NotificationSettingsView.swift in Sources */,
				75BB288B6C0FC76E77053A5B /* OAuthTokens.swift in Sources */,
				A47C3A2B7B94713CB4E085B8 /* RecipientFieldView.swift in Sources */,
				FBDCF626844112D529238A8D /* RepositoryProtocols.swift in Sources */,
				0E7E70654D6EA092B3105B42 /* RetryHelper.swift in Sources */,
				938A62417A4623542FB94AD5 /* RichTextEditor.swift in Sources */,
				2789906515CE28C160811F49 /* SettingsView.swift in Sources */,
				C0BFAB19B541DBED1A7524E4 /* SidebarView.swift in Sources */,
				8C79469144CF7BAEF0FFB313 /* SyncCoordinator.swift in Sources */,
				EF1FC471BA163293D8D3211A /* SyncEngine.swift in Sources */,
				6D822101BABAF81092102C8E /* SyncLock.swift in Sources */,
				B5352A4CAACA3F67B0BD1031 /* SyncProtocols.swift in Sources */,
				A1E77C0684A226CB730AFC7B /* SyncScheduler.swift in Sources */,
				E13B297944579CB569957DE1 /* SyncState.swift in Sources */,
				F797B1AB64085CBB9A95B830 /* SyncStateRepository.swift in Sources */,
				931B75E2D1EF7AFDF3770EF5 /* SyncStatusView.swift in Sources */,
				D50B191D8E70525628AC1332 /* ThreadRowView.swift in Sources */,
				24755258941657D0B935EEE5 /* TokenManager.swift in Sources */,
				E5266441B1EB9CD8912FE24E /* UnreadCountBadge.swift in Sources */,
				AB3D0D2FFE5E9CB615487701 /* UnreadStarIndicator.swift in Sources */,
			);
			runOnlyForDeploymentPostprocessing = 0;
		};
		C20741986A7A7D6BC1275F05 /* Sources */ = {
			isa = PBXSourcesBuildPhase;
			buildActionMask = 2147483647;
			files = (
				D91F79D3BE1111B2301DDF09 /* CluademailUITests.swift in Sources */,
				D1A916AA2024E4483F8D5161 /* CluademailUITestsLaunchTests.swift in Sources */,
			);
			runOnlyForDeploymentPostprocessing = 0;
		};
		FE11337A37D2E4D7C92480B4 /* Sources */ = {
			isa = PBXSourcesBuildPhase;
			buildActionMask = 2147483647;
			files = (
				BE5667AC0B9036089A892B76 /* AccountRepositoryTests.swift in Sources */,
				930D6FAED1E6364A39A19AFA /* AccountTests.swift in Sources */,
				94E1699DB485E2B211CCC80A /* AppStateTests.swift in Sources */,
				09FE84923DA3631753070765 /* AttachmentTests.swift in Sources */,
				0BC1D8120958714FC874DA7D /* AuthenticationErrorTests.swift in Sources */,
				B378B8160049310A8CC455CD /* DataBase64URLTests.swift in Sources */,
				B8F3B321AD819188B56A3233 /* DatabaseServiceTests.swift in Sources */,
				7BE089CEED0D916F30A0D0C6 /* EmailRepositoryTests.swift in Sources */,
				04FD278D0E0F1CE13BD11A89 /* EmailTests.swift in Sources */,
				6BD4EC2421B33985E9B05A9C /* EmailThreadTests.swift in Sources */,
				A38E88DD3AB8756487A37A2D /* ErrorHandlerTests.swift in Sources */,
				C0BF69581A1CDBF06524F63A /* GmailDTOsTests.swift in Sources */,
				5A39550A110249F00D3BC1C7 /* GmailModelMapperTests.swift in Sources */,
				E56F8ADCD7E180BE9722E1FF /* GoogleOAuthClientTests.swift in Sources */,
				971AD581A3070C7F5D2052C1 /* KeychainServiceTests.swift in Sources */,
				3DC7CE3CCEB25B3C81BF21AE /* LabelRepositoryTests.swift in Sources */,
				78F697F98FB3E90B62B41655 /* LabelTests.swift in Sources */,
				2A916EAD78021AF31AC8AEFB /* MockDatabaseService.swift in Sources */,
				BB1A38FE4D19CCE21B3C4AED /* MockErrorHandler.swift in Sources */,
				DC093AC621B3E4CD06FE50DF /* MockGmailAPIService.swift in Sources */,
				858E4CE55435D4D6CAE11D93 /* MockKeychainService.swift in Sources */,
				66519402E3F649C437EFA432 /* MockOAuthClient.swift in Sources */,
				48252495AC7D2487219D2F70 /* MockTokenManager.swift in Sources */,
				C00C514CC24705BEC3652CA0 /* OAuthTokensTests.swift in Sources */,
				AFA1120DA8E5A7E86C654951 /* SyncCoordinatorTests.swift in Sources */,
				7D32D8F037E2563DC9D7DE1B /* SyncEngineTests.swift in Sources */,
				93A7DEB80002602F40EB3403 /* SyncLockTests.swift in Sources */,
				48B2266F0574F4EFD7149BD7 /* SyncSchedulerTests.swift in Sources */,
				995002F112A979FCC7F6AD3F /* SyncStateRepositoryTests.swift in Sources */,
				D8DCA81DA56BEB46100DD526 /* SyncStateTests.swift in Sources */,
				AFFABDBF3C8B14B1E4DAE348 /* TestFixtures.swift in Sources */,
				1825BE9F43D1EE8A54770132 /* TokenManagerTests.swift in Sources */,
				3B542D7F96B11D013D49315D /* XCTestCase+Extensions.swift in Sources */,
			);
			runOnlyForDeploymentPostprocessing = 0;
		};
/* End PBXSourcesBuildPhase section */

/* Begin PBXTargetDependency section */
		121631714F5954F6E40F0A18 /* PBXTargetDependency */ = {
			isa = PBXTargetDependency;
			target = 1D83F4DAF83049B6943F21A4 /* Cluademail */;
			targetProxy = 05AE0C79031D51E7A388ADB3 /* PBXContainerItemProxy */;
		};
		BD2897CDC101CDCB770E532F /* PBXTargetDependency */ = {
			isa = PBXTargetDependency;
			target = 1D83F4DAF83049B6943F21A4 /* Cluademail */;
			targetProxy = 989B786D97304EC93B1BD249 /* PBXContainerItemProxy */;
		};
/* End PBXTargetDependency section */

/* Begin XCBuildConfiguration section */
		23D3409E18B506D08495AA25 /* Release */ = {
			isa = XCBuildConfiguration;
			buildSettings = {
				BUNDLE_LOADER = "$(TEST_HOST)";
				COMBINE_HIDPI_IMAGES = YES;
				INFOPLIST_FILE = CluademailTests/Info.plist;
				LD_RUNPATH_SEARCH_PATHS = (
					"$(inherited)",
					"@executable_path/../Frameworks",
					"@loader_path/../Frameworks",
				);
				PRODUCT_BUNDLE_IDENTIFIER = com.cluademail.app.tests;
				PRODUCT_MODULE_NAME = CluademailTests;
				SDKROOT = macosx;
				TEST_HOST = "$(BUILT_PRODUCTS_DIR)/Cluademail.app/$(BUNDLE_EXECUTABLE_FOLDER_PATH)/Cluademail";
			};
			name = Release;
		};
		2842E56C143B4C81DD592C9E /* Debug */ = {
			isa = XCBuildConfiguration;
			buildSettings = {
				BUNDLE_LOADER = "$(TEST_HOST)";
				COMBINE_HIDPI_IMAGES = YES;
				INFOPLIST_FILE = CluademailTests/Info.plist;
				LD_RUNPATH_SEARCH_PATHS = (
					"$(inherited)",
					"@executable_path/../Frameworks",
					"@loader_path/../Frameworks",
				);
				PRODUCT_BUNDLE_IDENTIFIER = com.cluademail.app.tests;
				PRODUCT_MODULE_NAME = CluademailTests;
				SDKROOT = macosx;
				TEST_HOST = "$(BUILT_PRODUCTS_DIR)/Cluademail.app/$(BUNDLE_EXECUTABLE_FOLDER_PATH)/Cluademail";
			};
			name = Debug;
		};
		41C2AB126AC45FD24CFCE697 /* Release */ = {
			isa = XCBuildConfiguration;
			buildSettings = {
				ASSETCATALOG_COMPILER_APPICON_NAME = AppIcon;
				CODE_SIGN_ENTITLEMENTS = Cluademail/Supporting/Cluademail.entitlements;
				CODE_SIGN_STYLE = Automatic;
				COMBINE_HIDPI_IMAGES = YES;
				ENABLE_HARDENED_RUNTIME = YES;
				GOOGLE_CLIENT_ID = "745260212298-e59afp5voo9f53arm4qfa6oogn09gbkh.apps.googleusercontent.com";
				GOOGLE_REVERSED_CLIENT_ID = "com.googleusercontent.apps.745260212298-e59afp5voo9f53arm4qfa6oogn09gbkh";
				INFOPLIST_FILE = Cluademail/Supporting/Info.plist;
				LD_RUNPATH_SEARCH_PATHS = (
					"$(inherited)",
					"@executable_path/../Frameworks",
				);
				PRODUCT_BUNDLE_IDENTIFIER = com.cluademail.app;
				SDKROOT = macosx;
			};
			name = Release;
		};
		497FF8D914F39611A8227DCD /* Debug */ = {
			isa = XCBuildConfiguration;
			buildSettings = {
				BUNDLE_LOADER = "$(TEST_HOST)";
				COMBINE_HIDPI_IMAGES = YES;
				INFOPLIST_FILE = CluademailUITests/Info.plist;
				LD_RUNPATH_SEARCH_PATHS = (
					"$(inherited)",
					"@executable_path/Frameworks",
					"@loader_path/Frameworks",
				);
				PRODUCT_BUNDLE_IDENTIFIER = com.cluademail.app.uitests;
				PRODUCT_MODULE_NAME = CluademailUITests;
				SDKROOT = macosx;
				TEST_TARGET_NAME = Cluademail;
			};
			name = Debug;
		};
		857B41394DC3A0BDD8F8DFDA /* Release */ = {
			isa = XCBuildConfiguration;
			buildSettings = {
				BUNDLE_LOADER = "$(TEST_HOST)";
				COMBINE_HIDPI_IMAGES = YES;
				INFOPLIST_FILE = CluademailUITests/Info.plist;
				LD_RUNPATH_SEARCH_PATHS = (
					"$(inherited)",
					"@executable_path/Frameworks",
					"@loader_path/Frameworks",
				);
				PRODUCT_BUNDLE_IDENTIFIER = com.cluademail.app.uitests;
				PRODUCT_MODULE_NAME = CluademailUITests;
				SDKROOT = macosx;
				TEST_TARGET_NAME = Cluademail;
			};
			name = Release;
		};
		893CF0840586C1F74DF0C9E4 /* Release */ = {
			isa = XCBuildConfiguration;
			baseConfigurationReference = BD3D300B9C700FFE1AC5D905 /* Production.xcconfig */;
			buildSettings = {
				ALWAYS_SEARCH_USER_PATHS = NO;
				CLANG_ANALYZER_NONNULL = YES;
				CLANG_ANALYZER_NUMBER_OBJECT_CONVERSION = YES_AGGRESSIVE;
				CLANG_CXX_LANGUAGE_STANDARD = "gnu++14";
				CLANG_CXX_LIBRARY = "libc++";
				CLANG_ENABLE_MODULES = YES;
				CLANG_ENABLE_OBJC_ARC = YES;
				CLANG_ENABLE_OBJC_WEAK = YES;
				CLANG_WARN_BLOCK_CAPTURE_AUTORELEASING = YES;
				CLANG_WARN_BOOL_CONVERSION = YES;
				CLANG_WARN_COMMA = YES;
				CLANG_WARN_CONSTANT_CONVERSION = YES;
				CLANG_WARN_DEPRECATED_OBJC_IMPLEMENTATIONS = YES;
				CLANG_WARN_DIRECT_OBJC_ISA_USAGE = YES_ERROR;
				CLANG_WARN_DOCUMENTATION_COMMENTS = YES;
				CLANG_WARN_EMPTY_BODY = YES;
				CLANG_WARN_ENUM_CONVERSION = YES;
				CLANG_WARN_INFINITE_RECURSION = YES;
				CLANG_WARN_INT_CONVERSION = YES;
				CLANG_WARN_NON_LITERAL_NULL_CONVERSION = YES;
				CLANG_WARN_OBJC_IMPLICIT_RETAIN_SELF = YES;
				CLANG_WARN_OBJC_LITERAL_CONVERSION = YES;
				CLANG_WARN_OBJC_ROOT_CLASS = YES_ERROR;
				CLANG_WARN_QUOTED_INCLUDE_IN_FRAMEWORK_HEADER = YES;
				CLANG_WARN_RANGE_LOOP_ANALYSIS = YES;
				CLANG_WARN_STRICT_PROTOTYPES = YES;
				CLANG_WARN_SUSPICIOUS_MOVE = YES;
				CLANG_WARN_UNGUARDED_AVAILABILITY = YES_AGGRESSIVE;
				CLANG_WARN_UNREACHABLE_CODE = YES;
				CLANG_WARN__DUPLICATE_METHOD_MATCH = YES;
				COPY_PHASE_STRIP = NO;
				CURRENT_PROJECT_VERSION = 1;
				DEBUG_INFORMATION_FORMAT = "dwarf-with-dsym";
				ENABLE_NS_ASSERTIONS = NO;
				ENABLE_STRICT_OBJC_MSGSEND = YES;
				GCC_C_LANGUAGE_STANDARD = gnu11;
				GCC_NO_COMMON_BLOCKS = YES;
				GCC_WARN_64_TO_32_BIT_CONVERSION = YES;
				GCC_WARN_ABOUT_RETURN_TYPE = YES_ERROR;
				GCC_WARN_UNDECLARED_SELECTOR = YES;
				GCC_WARN_UNINITIALIZED_AUTOS = YES_AGGRESSIVE;
				GCC_WARN_UNUSED_FUNCTION = YES;
				GCC_WARN_UNUSED_VARIABLE = YES;
				MACOSX_DEPLOYMENT_TARGET = 14.0;
				MARKETING_VERSION = 1.0.0;
				MTL_ENABLE_DEBUG_INFO = NO;
				MTL_FAST_MATH = YES;
				PRODUCT_NAME = Cluademail;
				SDKROOT = macosx;
				SWIFT_COMPILATION_MODE = wholemodule;
				SWIFT_VERSION = 5.9;
			};
			name = Release;
		};
		96841D015AC999919795683E /* Debug */ = {
			isa = XCBuildConfiguration;
			buildSettings = {
				ASSETCATALOG_COMPILER_APPICON_NAME = AppIcon;
				CODE_SIGN_ENTITLEMENTS = Cluademail/Supporting/Cluademail.entitlements;
				CODE_SIGN_IDENTITY = "-";
				CODE_SIGN_STYLE = Automatic;
				COMBINE_HIDPI_IMAGES = YES;
				ENABLE_HARDENED_RUNTIME = NO;
				GOOGLE_CLIENT_ID = "745260212298-e59afp5voo9f53arm4qfa6oogn09gbkh.apps.googleusercontent.com";
				GOOGLE_REVERSED_CLIENT_ID = "com.googleusercontent.apps.745260212298-e59afp5voo9f53arm4qfa6oogn09gbkh";
				INFOPLIST_FILE = Cluademail/Supporting/Info.plist;
				LD_RUNPATH_SEARCH_PATHS = (
					"$(inherited)",
					"@executable_path/../Frameworks",
				);
				PRODUCT_BUNDLE_IDENTIFIER = com.cluademail.app;
				SDKROOT = macosx;
			};
			name = Debug;
		};
		99A8124BD3CC8C3E095758FD /* Debug */ = {
			isa = XCBuildConfiguration;
			baseConfigurationReference = 2397DACF6BA7F233B169CA7A /* Development.xcconfig */;
			buildSettings = {
				ALWAYS_SEARCH_USER_PATHS = NO;
				CLANG_ANALYZER_NONNULL = YES;
				CLANG_ANALYZER_NUMBER_OBJECT_CONVERSION = YES_AGGRESSIVE;
				CLANG_CXX_LANGUAGE_STANDARD = "gnu++14";
				CLANG_CXX_LIBRARY = "libc++";
				CLANG_ENABLE_MODULES = YES;
				CLANG_ENABLE_OBJC_ARC = YES;
				CLANG_ENABLE_OBJC_WEAK = YES;
				CLANG_WARN_BLOCK_CAPTURE_AUTORELEASING = YES;
				CLANG_WARN_BOOL_CONVERSION = YES;
				CLANG_WARN_COMMA = YES;
				CLANG_WARN_CONSTANT_CONVERSION = YES;
				CLANG_WARN_DEPRECATED_OBJC_IMPLEMENTATIONS = YES;
				CLANG_WARN_DIRECT_OBJC_ISA_USAGE = YES_ERROR;
				CLANG_WARN_DOCUMENTATION_COMMENTS = YES;
				CLANG_WARN_EMPTY_BODY = YES;
				CLANG_WARN_ENUM_CONVERSION = YES;
				CLANG_WARN_INFINITE_RECURSION = YES;
				CLANG_WARN_INT_CONVERSION = YES;
				CLANG_WARN_NON_LITERAL_NULL_CONVERSION = YES;
				CLANG_WARN_OBJC_IMPLICIT_RETAIN_SELF = YES;
				CLANG_WARN_OBJC_LITERAL_CONVERSION = YES;
				CLANG_WARN_OBJC_ROOT_CLASS = YES_ERROR;
				CLANG_WARN_QUOTED_INCLUDE_IN_FRAMEWORK_HEADER = YES;
				CLANG_WARN_RANGE_LOOP_ANALYSIS = YES;
				CLANG_WARN_STRICT_PROTOTYPES = YES;
				CLANG_WARN_SUSPICIOUS_MOVE = YES;
				CLANG_WARN_UNGUARDED_AVAILABILITY = YES_AGGRESSIVE;
				CLANG_WARN_UNREACHABLE_CODE = YES;
				CLANG_WARN__DUPLICATE_METHOD_MATCH = YES;
				COPY_PHASE_STRIP = NO;
				CURRENT_PROJECT_VERSION = 1;
				DEBUG_INFORMATION_FORMAT = dwarf;
				ENABLE_STRICT_OBJC_MSGSEND = YES;
				ENABLE_TESTABILITY = YES;
				GCC_C_LANGUAGE_STANDARD = gnu11;
				GCC_DYNAMIC_NO_PIC = NO;
				GCC_NO_COMMON_BLOCKS = YES;
				GCC_OPTIMIZATION_LEVEL = 0;
				GCC_PREPROCESSOR_DEFINITIONS = (
					"$(inherited)",
					"DEBUG=1",
				);
				GCC_WARN_64_TO_32_BIT_CONVERSION = YES;
				GCC_WARN_ABOUT_RETURN_TYPE = YES_ERROR;
				GCC_WARN_UNDECLARED_SELECTOR = YES;
				GCC_WARN_UNINITIALIZED_AUTOS = YES_AGGRESSIVE;
				GCC_WARN_UNUSED_FUNCTION = YES;
				GCC_WARN_UNUSED_VARIABLE = YES;
				MACOSX_DEPLOYMENT_TARGET = 14.0;
				MARKETING_VERSION = 1.0.0;
				MTL_ENABLE_DEBUG_INFO = INCLUDE_SOURCE;
				MTL_FAST_MATH = YES;
				ONLY_ACTIVE_ARCH = YES;
				PRODUCT_NAME = Cluademail;
				SDKROOT = macosx;
				SWIFT_ACTIVE_COMPILATION_CONDITIONS = DEBUG;
				SWIFT_OPTIMIZATION_LEVEL = "-Onone";
				SWIFT_VERSION = 5.9;
			};
			name = Debug;
		};
/* End XCBuildConfiguration section */

/* Begin XCConfigurationList section */
		2FB3904BCA64ECDF5F615EDA /* Build configuration list for PBXNativeTarget "CluademailUITests" */ = {
			isa = XCConfigurationList;
			buildConfigurations = (
				497FF8D914F39611A8227DCD /* Debug */,
				857B41394DC3A0BDD8F8DFDA /* Release */,
			);
			defaultConfigurationIsVisible = 0;
			defaultConfigurationName = Debug;
		};
		551A8F63C61689D9B60875EF /* Build configuration list for PBXNativeTarget "Cluademail" */ = {
			isa = XCConfigurationList;
			buildConfigurations = (
				96841D015AC999919795683E /* Debug */,
				41C2AB126AC45FD24CFCE697 /* Release */,
			);
			defaultConfigurationIsVisible = 0;
			defaultConfigurationName = Debug;
		};
		9FD2190BB9ACD3AE4CB367E7 /* Build configuration list for PBXProject "Cluademail" */ = {
			isa = XCConfigurationList;
			buildConfigurations = (
				99A8124BD3CC8C3E095758FD /* Debug */,
				893CF0840586C1F74DF0C9E4 /* Release */,
			);
			defaultConfigurationIsVisible = 0;
			defaultConfigurationName = Debug;
		};
		CD733CE3ED0687EE708C2FA5 /* Build configuration list for PBXNativeTarget "CluademailTests" */ = {
			isa = XCConfigurationList;
			buildConfigurations = (
				2842E56C143B4C81DD592C9E /* Debug */,
				23D3409E18B506D08495AA25 /* Release */,
			);
			defaultConfigurationIsVisible = 0;
			defaultConfigurationName = Debug;
		};
/* End XCConfigurationList section */
	};
	rootObject = C9BE3A4861397F1250573C33 /* Project object */;
}
